// !$*UTF8*$!
{
	archiveVersion = 1;
	classes = {
	};
	objectVersion = 52;
	objects = {

/* Begin PBXBuildFile section */
		F300415623623E89005F5FE6 /* Example6.swift in Sources */ = {isa = PBXBuildFile; fileRef = F300415523623E89005F5FE6 /* Example6.swift */; };
		F300415823623F9D005F5FE6 /* ClockShape.swift in Sources */ = {isa = PBXBuildFile; fileRef = F300415723623F9D005F5FE6 /* ClockShape.swift */; };
		F300415C23624174005F5FE6 /* ClockTime.swift in Sources */ = {isa = PBXBuildFile; fileRef = F300415B23624174005F5FE6 /* ClockTime.swift */; };
		F30444A42370D66D00DF3F55 /* Example11.swift in Sources */ = {isa = PBXBuildFile; fileRef = F30444A32370D66D00DF3F55 /* Example11.swift */; };
		F30444A82370DB8000DF3F55 /* View+LayoutIgnorableOffsetEffect .swift in Sources */ = {isa = PBXBuildFile; fileRef = F30444A62370DB8000DF3F55 /* View+LayoutIgnorableOffsetEffect .swift */; };
		F30444A92370DB8000DF3F55 /* LayoutIgnorableOffsetEffect.swift in Sources */ = {isa = PBXBuildFile; fileRef = F30444A72370DB8000DF3F55 /* LayoutIgnorableOffsetEffect.swift */; };
		F33559562361F8F200628227 /* Example5.swift in Sources */ = {isa = PBXBuildFile; fileRef = F33559552361F8F200628227 /* Example5.swift */; };
		F367BEFE2360709500FDEB0C /* AppDelegate.swift in Sources */ = {isa = PBXBuildFile; fileRef = F367BEFD2360709500FDEB0C /* AppDelegate.swift */; };
		F367BF002360709500FDEB0C /* SceneDelegate.swift in Sources */ = {isa = PBXBuildFile; fileRef = F367BEFF2360709500FDEB0C /* SceneDelegate.swift */; };
		F367BF072360709700FDEB0C /* Preview Assets.xcassets in Resources */ = {isa = PBXBuildFile; fileRef = F367BF062360709700FDEB0C /* Preview Assets.xcassets */; };
		F367BF0A2360709700FDEB0C /* LaunchScreen.storyboard in Resources */ = {isa = PBXBuildFile; fileRef = F367BF082360709700FDEB0C /* LaunchScreen.storyboard */; };
		F367BF14236071EE00FDEB0C /* MainView.swift in Sources */ = {isa = PBXBuildFile; fileRef = F367BF13236071EE00FDEB0C /* MainView.swift */; };
		F367BF172360731100FDEB0C /* Example1.swift in Sources */ = {isa = PBXBuildFile; fileRef = F367BF162360731100FDEB0C /* Example1.swift */; };
		F367BF1B236075CF00FDEB0C /* Assets.xcassets in Resources */ = {isa = PBXBuildFile; fileRef = F367BF1A236075CF00FDEB0C /* Assets.xcassets */; };
		F367BF1E2360766B00FDEB0C /* CypherPoetSwiftUIKit.ImageUtils in Frameworks */ = {isa = PBXBuildFile; productRef = F367BF1D2360766B00FDEB0C /* CypherPoetSwiftUIKit.ImageUtils */; };
		F367BF212360804600FDEB0C /* Example2.swift in Sources */ = {isa = PBXBuildFile; fileRef = F367BF202360804600FDEB0C /* Example2.swift */; };
		F367BF362360F73C00FDEB0C /* PolygonShape.swift in Sources */ = {isa = PBXBuildFile; fileRef = F367BF352360F73C00FDEB0C /* PolygonShape.swift */; };
		F367BF39236100E200FDEB0C /* Example3.swift in Sources */ = {isa = PBXBuildFile; fileRef = F367BF38236100E100FDEB0C /* Example3.swift */; };
		F367BF3C2361177600FDEB0C /* Example4.swift in Sources */ = {isa = PBXBuildFile; fileRef = F367BF3B2361177600FDEB0C /* Example4.swift */; };
		F3A5BF572366984B0031FACF /* Example7.swift in Sources */ = {isa = PBXBuildFile; fileRef = F3A5BF562366984B0031FACF /* Example7.swift */; };
		F3A5BF59236698BF0031FACF /* SpinningFlower.swift in Sources */ = {isa = PBXBuildFile; fileRef = F3A5BF58236698BF0031FACF /* SpinningFlower.swift */; };
		F3A5BF5C23669AA50031FACF /* SpinningFlower+PetalLayer.swift in Sources */ = {isa = PBXBuildFile; fileRef = F3A5BF5B23669AA50031FACF /* SpinningFlower+PetalLayer.swift */; };
		F3A5BF5E2366A2F80031FACF /* PetalShape.swift in Sources */ = {isa = PBXBuildFile; fileRef = F3A5BF5D2366A2F80031FACF /* PetalShape.swift */; };
		F3AE83E6236C3F370017AF2C /* Example8.swift in Sources */ = {isa = PBXBuildFile; fileRef = F3AE83E5236C3F370017AF2C /* Example8.swift */; };
		F3AE83E9236C3FD60017AF2C /* SkewedOffset.swift in Sources */ = {isa = PBXBuildFile; fileRef = F3AE83E8236C3FD60017AF2C /* SkewedOffset.swift */; };
		F3AE83EB236C43590017AF2C /* View+SkewedOffset.swift in Sources */ = {isa = PBXBuildFile; fileRef = F3AE83EA236C43590017AF2C /* View+SkewedOffset.swift */; };
		F3AE8422236DDFB10017AF2C /* Example9.swift in Sources */ = {isa = PBXBuildFile; fileRef = F3AE8421236DDFB10017AF2C /* Example9.swift */; };
		F3AE8426236DE2320017AF2C /* TurnoverEffect.swift in Sources */ = {isa = PBXBuildFile; fileRef = F3AE8425236DE2320017AF2C /* TurnoverEffect.swift */; };
		F3AE8428236DEF490017AF2C /* View+Turnover.swift in Sources */ = {isa = PBXBuildFile; fileRef = F3AE8427236DEF480017AF2C /* View+Turnover.swift */; };
		F3AE842B236DFC7C0017AF2C /* RotatingCard.swift in Sources */ = {isa = PBXBuildFile; fileRef = F3AE842A236DFC7C0017AF2C /* RotatingCard.swift */; };
		F3E53675236F7FF000C512B8 /* Example10.swift in Sources */ = {isa = PBXBuildFile; fileRef = F3E53674236F7FF000C512B8 /* Example10.swift */; };
		F3E53678236F80E700C512B8 /* TracingEffect.swift in Sources */ = {isa = PBXBuildFile; fileRef = F3E53677236F80E700C512B8 /* TracingEffect.swift */; };
		F3E5367A236F80FD00C512B8 /* View+TracingEffect.swift in Sources */ = {isa = PBXBuildFile; fileRef = F3E53679236F80FD00C512B8 /* View+TracingEffect.swift */; };
		F3E5367D236F89DD00C512B8 /* Burritos in Frameworks */ = {isa = PBXBuildFile; productRef = F3E5367C236F89DD00C512B8 /* Burritos */; };
		F3E5367F236F9A3700C512B8 /* LoopingPlaneView.swift in Sources */ = {isa = PBXBuildFile; fileRef = F3E5367E236F9A3700C512B8 /* LoopingPlaneView.swift */; };
		F3E53683236F9C1100C512B8 /* InfinityShape.swift in Sources */ = {isa = PBXBuildFile; fileRef = F3E53682236F9C1100C512B8 /* InfinityShape.swift */; };
/* End PBXBuildFile section */

/* Begin PBXFileReference section */
		F300415523623E89005F5FE6 /* Example6.swift */ = {isa = PBXFileReference; lastKnownFileType = sourcecode.swift; path = Example6.swift; sourceTree = "<group>"; };
		F300415723623F9D005F5FE6 /* ClockShape.swift */ = {isa = PBXFileReference; lastKnownFileType = sourcecode.swift; path = ClockShape.swift; sourceTree = "<group>"; };
		F300415B23624174005F5FE6 /* ClockTime.swift */ = {isa = PBXFileReference; lastKnownFileType = sourcecode.swift; path = ClockTime.swift; sourceTree = "<group>"; };
		F30444A32370D66D00DF3F55 /* Example11.swift */ = {isa = PBXFileReference; lastKnownFileType = sourcecode.swift; path = Example11.swift; sourceTree = "<group>"; };
		F30444A62370DB8000DF3F55 /* View+LayoutIgnorableOffsetEffect .swift */ = {isa = PBXFileReference; lastKnownFileType = sourcecode.swift; path = "View+LayoutIgnorableOffsetEffect .swift"; sourceTree = "<group>"; };
		F30444A72370DB8000DF3F55 /* LayoutIgnorableOffsetEffect.swift */ = {isa = PBXFileReference; lastKnownFileType = sourcecode.swift; path = LayoutIgnorableOffsetEffect.swift; sourceTree = "<group>"; };
		F33559552361F8F200628227 /* Example5.swift */ = {isa = PBXFileReference; lastKnownFileType = sourcecode.swift; path = Example5.swift; sourceTree = "<group>"; };
		F367BEFA2360709500FDEB0C /* AnimationsPart1.app */ = {isa = PBXFileReference; explicitFileType = wrapper.application; includeInIndex = 0; path = AnimationsPart1.app; sourceTree = BUILT_PRODUCTS_DIR; };
		F367BEFD2360709500FDEB0C /* AppDelegate.swift */ = {isa = PBXFileReference; lastKnownFileType = sourcecode.swift; path = AppDelegate.swift; sourceTree = "<group>"; };
		F367BEFF2360709500FDEB0C /* SceneDelegate.swift */ = {isa = PBXFileReference; lastKnownFileType = sourcecode.swift; path = SceneDelegate.swift; sourceTree = "<group>"; };
		F367BF062360709700FDEB0C /* Preview Assets.xcassets */ = {isa = PBXFileReference; lastKnownFileType = folder.assetcatalog; path = "Preview Assets.xcassets"; sourceTree = "<group>"; };
		F367BF092360709700FDEB0C /* Base */ = {isa = PBXFileReference; lastKnownFileType = file.storyboard; name = Base; path = Base.lproj/LaunchScreen.storyboard; sourceTree = "<group>"; };
		F367BF0B2360709700FDEB0C /* Info.plist */ = {isa = PBXFileReference; lastKnownFileType = text.plist.xml; path = Info.plist; sourceTree = "<group>"; };
		F367BF13236071EE00FDEB0C /* MainView.swift */ = {isa = PBXFileReference; lastKnownFileType = sourcecode.swift; path = MainView.swift; sourceTree = "<group>"; };
		F367BF162360731100FDEB0C /* Example1.swift */ = {isa = PBXFileReference; lastKnownFileType = sourcecode.swift; path = Example1.swift; sourceTree = "<group>"; };
		F367BF1A236075CF00FDEB0C /* Assets.xcassets */ = {isa = PBXFileReference; lastKnownFileType = folder.assetcatalog; path = Assets.xcassets; sourceTree = "<group>"; };
		F367BF202360804600FDEB0C /* Example2.swift */ = {isa = PBXFileReference; lastKnownFileType = sourcecode.swift; path = Example2.swift; sourceTree = "<group>"; };
		F367BF352360F73C00FDEB0C /* PolygonShape.swift */ = {isa = PBXFileReference; lastKnownFileType = sourcecode.swift; path = PolygonShape.swift; sourceTree = "<group>"; };
		F367BF38236100E100FDEB0C /* Example3.swift */ = {isa = PBXFileReference; lastKnownFileType = sourcecode.swift; path = Example3.swift; sourceTree = "<group>"; };
		F367BF3B2361177600FDEB0C /* Example4.swift */ = {isa = PBXFileReference; lastKnownFileType = sourcecode.swift; path = Example4.swift; sourceTree = "<group>"; };
		F3A5BF562366984B0031FACF /* Example7.swift */ = {isa = PBXFileReference; lastKnownFileType = sourcecode.swift; path = Example7.swift; sourceTree = "<group>"; };
		F3A5BF58236698BF0031FACF /* SpinningFlower.swift */ = {isa = PBXFileReference; lastKnownFileType = sourcecode.swift; path = SpinningFlower.swift; sourceTree = "<group>"; };
		F3A5BF5B23669AA50031FACF /* SpinningFlower+PetalLayer.swift */ = {isa = PBXFileReference; lastKnownFileType = sourcecode.swift; path = "SpinningFlower+PetalLayer.swift"; sourceTree = "<group>"; };
		F3A5BF5D2366A2F80031FACF /* PetalShape.swift */ = {isa = PBXFileReference; lastKnownFileType = sourcecode.swift; path = PetalShape.swift; sourceTree = "<group>"; };
		F3AE83E5236C3F370017AF2C /* Example8.swift */ = {isa = PBXFileReference; lastKnownFileType = sourcecode.swift; path = Example8.swift; sourceTree = "<group>"; };
		F3AE83E8236C3FD60017AF2C /* SkewedOffset.swift */ = {isa = PBXFileReference; lastKnownFileType = sourcecode.swift; path = SkewedOffset.swift; sourceTree = "<group>"; };
		F3AE83EA236C43590017AF2C /* View+SkewedOffset.swift */ = {isa = PBXFileReference; lastKnownFileType = sourcecode.swift; path = "View+SkewedOffset.swift"; sourceTree = "<group>"; };
		F3AE8421236DDFB10017AF2C /* Example9.swift */ = {isa = PBXFileReference; lastKnownFileType = sourcecode.swift; path = Example9.swift; sourceTree = "<group>"; };
		F3AE8425236DE2320017AF2C /* TurnoverEffect.swift */ = {isa = PBXFileReference; lastKnownFileType = sourcecode.swift; path = TurnoverEffect.swift; sourceTree = "<group>"; };
		F3AE8427236DEF480017AF2C /* View+Turnover.swift */ = {isa = PBXFileReference; lastKnownFileType = sourcecode.swift; path = "View+Turnover.swift"; sourceTree = "<group>"; };
		F3AE842A236DFC7C0017AF2C /* RotatingCard.swift */ = {isa = PBXFileReference; lastKnownFileType = sourcecode.swift; path = RotatingCard.swift; sourceTree = "<group>"; };
		F3E53674236F7FF000C512B8 /* Example10.swift */ = {isa = PBXFileReference; lastKnownFileType = sourcecode.swift; path = Example10.swift; sourceTree = "<group>"; };
		F3E53677236F80E700C512B8 /* TracingEffect.swift */ = {isa = PBXFileReference; lastKnownFileType = sourcecode.swift; path = TracingEffect.swift; sourceTree = "<group>"; };
		F3E53679236F80FD00C512B8 /* View+TracingEffect.swift */ = {isa = PBXFileReference; lastKnownFileType = sourcecode.swift; path = "View+TracingEffect.swift"; sourceTree = "<group>"; };
		F3E5367E236F9A3700C512B8 /* LoopingPlaneView.swift */ = {isa = PBXFileReference; lastKnownFileType = sourcecode.swift; path = LoopingPlaneView.swift; sourceTree = "<group>"; };
		F3E53682236F9C1100C512B8 /* InfinityShape.swift */ = {isa = PBXFileReference; fileEncoding = 4; lastKnownFileType = sourcecode.swift; path = InfinityShape.swift; sourceTree = "<group>"; };
/* End PBXFileReference section */

/* Begin PBXFrameworksBuildPhase section */
		F367BEF72360709500FDEB0C /* Frameworks */ = {
			isa = PBXFrameworksBuildPhase;
			buildActionMask = 2147483647;
			files = (
				F3E5367D236F89DD00C512B8 /* Burritos in Frameworks */,
				F367BF1E2360766B00FDEB0C /* CypherPoetSwiftUIKit.ImageUtils in Frameworks */,
			);
			runOnlyForDeploymentPostprocessing = 0;
		};
/* End PBXFrameworksBuildPhase section */

/* Begin PBXGroup section */
		F300415423623E77005F5FE6 /* Example 6 - Custom Animatable Types */ = {
			isa = PBXGroup;
			children = (
				F300415523623E89005F5FE6 /* Example6.swift */,
			);
			path = "Example 6 - Custom Animatable Types";
			sourceTree = "<group>";
		};
		F300415923624165005F5FE6 /* Data */ = {
			isa = PBXGroup;
			children = (
				F300415A23624169005F5FE6 /* Models */,
			);
			path = Data;
			sourceTree = "<group>";
		};
		F300415A23624169005F5FE6 /* Models */ = {
			isa = PBXGroup;
			children = (
				F300415B23624174005F5FE6 /* ClockTime.swift */,
			);
			path = Models;
			sourceTree = "<group>";
		};
		F30444A22370D65700DF3F55 /* Example 11 - IgnoredByLayout */ = {
			isa = PBXGroup;
			children = (
				F30444A32370D66D00DF3F55 /* Example11.swift */,
			);
			path = "Example 11 - IgnoredByLayout";
			sourceTree = "<group>";
		};
		F30444A52370DB6B00DF3F55 /* Layout-Ignorable Offset */ = {
			isa = PBXGroup;
			children = (
				F30444A62370DB8000DF3F55 /* View+LayoutIgnorableOffsetEffect .swift */,
				F30444A72370DB8000DF3F55 /* LayoutIgnorableOffsetEffect.swift */,
			);
			path = "Layout-Ignorable Offset";
			sourceTree = "<group>";
		};
		F33559542361F89C00628227 /* Example 5 - Vertex-Connected Polygons */ = {
			isa = PBXGroup;
			children = (
				F33559552361F8F200628227 /* Example5.swift */,
			);
			path = "Example 5 - Vertex-Connected Polygons";
			sourceTree = "<group>";
		};
		F367BEF12360709500FDEB0C = {
			isa = PBXGroup;
			children = (
				F367BEFC2360709500FDEB0C /* AnimationsPart1 */,
				F367BEFB2360709500FDEB0C /* Products */,
			);
			sourceTree = "<group>";
		};
		F367BEFB2360709500FDEB0C /* Products */ = {
			isa = PBXGroup;
			children = (
				F367BEFA2360709500FDEB0C /* AnimationsPart1.app */,
			);
			name = Products;
			sourceTree = "<group>";
		};
		F367BEFC2360709500FDEB0C /* AnimationsPart1 */ = {
			isa = PBXGroup;
			children = (
				F300415923624165005F5FE6 /* Data */,
				F367BF0B2360709700FDEB0C /* Info.plist */,
				F367BEFD2360709500FDEB0C /* AppDelegate.swift */,
				F367BEFF2360709500FDEB0C /* SceneDelegate.swift */,
				F367BF082360709700FDEB0C /* LaunchScreen.storyboard */,
				F367BF052360709700FDEB0C /* Preview Content */,
				F367BF11236071D900FDEB0C /* Resources */,
				F367BF332360F69E00FDEB0C /* Reusables */,
				F367BF12236071E100FDEB0C /* Scenes */,
			);
			path = AnimationsPart1;
			sourceTree = "<group>";
		};
		F367BF052360709700FDEB0C /* Preview Content */ = {
			isa = PBXGroup;
			children = (
				F367BF062360709700FDEB0C /* Preview Assets.xcassets */,
			);
			path = "Preview Content";
			sourceTree = "<group>";
		};
		F367BF11236071D900FDEB0C /* Resources */ = {
			isa = PBXGroup;
			children = (
				F367BF1A236075CF00FDEB0C /* Assets.xcassets */,
			);
			path = Resources;
			sourceTree = "<group>";
		};
		F367BF12236071E100FDEB0C /* Scenes */ = {
			isa = PBXGroup;
			children = (
				F30444A22370D65700DF3F55 /* Example 11 - IgnoredByLayout */,
				F367BF13236071EE00FDEB0C /* MainView.swift */,
				F3E53673236F7FB400C512B8 /* Example 10 - Animating Along A Path */,
				F367BF152360721B00FDEB0C /* Example 1 */,
				F367BF1F2360802300FDEB0C /* Example 2 - Explicit Animation */,
				F367BF37236100C700FDEB0C /* Example 3 - Animating Polygon Sides */,
				F367BF3A2361176300FDEB0C /* Example 4 - Animating Multiple Polygon Properties */,
				F33559542361F89C00628227 /* Example 5 - Vertex-Connected Polygons */,
				F300415423623E77005F5FE6 /* Example 6 - Custom Animatable Types */,
				F3A5BF55236698350031FACF /* Example 7 - Metal Acceleration */,
				F3AE83E4236C3F1A0017AF2C /* Example 8 - Skewed Sliding */,
				F3AE8420236DDF9B0017AF2C /* Example 9 - Animation Feedback and 3D Rotation */,
			);
			path = Scenes;
			sourceTree = "<group>";
		};
		F367BF152360721B00FDEB0C /* Example 1 */ = {
			isa = PBXGroup;
			children = (
				F367BF162360731100FDEB0C /* Example1.swift */,
			);
			path = "Example 1";
			sourceTree = "<group>";
		};
		F367BF1F2360802300FDEB0C /* Example 2 - Explicit Animation */ = {
			isa = PBXGroup;
			children = (
				F367BF202360804600FDEB0C /* Example2.swift */,
			);
			path = "Example 2 - Explicit Animation";
			sourceTree = "<group>";
		};
		F367BF332360F69E00FDEB0C /* Reusables */ = {
			isa = PBXGroup;
			children = (
				F3AE8429236DFC690017AF2C /* Views */,
				F3AE83E7236C3FBB0017AF2C /* Geometry Effects */,
				F367BF342360F6A800FDEB0C /* Shapes */,
			);
			path = Reusables;
			sourceTree = "<group>";
		};
		F367BF342360F6A800FDEB0C /* Shapes */ = {
			isa = PBXGroup;
			children = (
				F3E53682236F9C1100C512B8 /* InfinityShape.swift */,
				F367BF352360F73C00FDEB0C /* PolygonShape.swift */,
				F300415723623F9D005F5FE6 /* ClockShape.swift */,
				F3A5BF5A23669A8A0031FACF /* SpinningFlower */,
			);
			path = Shapes;
			sourceTree = "<group>";
		};
		F367BF37236100C700FDEB0C /* Example 3 - Animating Polygon Sides */ = {
			isa = PBXGroup;
			children = (
				F367BF38236100E100FDEB0C /* Example3.swift */,
			);
			path = "Example 3 - Animating Polygon Sides";
			sourceTree = "<group>";
		};
		F367BF3A2361176300FDEB0C /* Example 4 - Animating Multiple Polygon Properties */ = {
			isa = PBXGroup;
			children = (
				F367BF3B2361177600FDEB0C /* Example4.swift */,
			);
			path = "Example 4 - Animating Multiple Polygon Properties";
			sourceTree = "<group>";
		};
		F3A5BF55236698350031FACF /* Example 7 - Metal Acceleration */ = {
			isa = PBXGroup;
			children = (
				F3A5BF562366984B0031FACF /* Example7.swift */,
			);
			path = "Example 7 - Metal Acceleration";
			sourceTree = "<group>";
		};
		F3A5BF5A23669A8A0031FACF /* SpinningFlower */ = {
			isa = PBXGroup;
			children = (
				F3A5BF58236698BF0031FACF /* SpinningFlower.swift */,
				F3A5BF5B23669AA50031FACF /* SpinningFlower+PetalLayer.swift */,
				F3A5BF5D2366A2F80031FACF /* PetalShape.swift */,
			);
			path = SpinningFlower;
			sourceTree = "<group>";
		};
		F3AE83E4236C3F1A0017AF2C /* Example 8 - Skewed Sliding */ = {
			isa = PBXGroup;
			children = (
				F3AE83E5236C3F370017AF2C /* Example8.swift */,
			);
			path = "Example 8 - Skewed Sliding";
			sourceTree = "<group>";
		};
		F3AE83E7236C3FBB0017AF2C /* Geometry Effects */ = {
			isa = PBXGroup;
			children = (
				F30444A52370DB6B00DF3F55 /* Layout-Ignorable Offset */,
				F3E53676236F80D800C512B8 /* Tracing */,
				F3AE8424236DE2090017AF2C /* Turnover */,
				F3AE8423236DDFDD0017AF2C /* SkewedOffset */,
			);
			path = "Geometry Effects";
			sourceTree = "<group>";
		};
		F3AE8420236DDF9B0017AF2C /* Example 9 - Animation Feedback and 3D Rotation */ = {
			isa = PBXGroup;
			children = (
				F3AE8421236DDFB10017AF2C /* Example9.swift */,
			);
			path = "Example 9 - Animation Feedback and 3D Rotation";
			sourceTree = "<group>";
		};
		F3AE8423236DDFDD0017AF2C /* SkewedOffset */ = {
			isa = PBXGroup;
			children = (
				F3AE83E8236C3FD60017AF2C /* SkewedOffset.swift */,
				F3AE83EA236C43590017AF2C /* View+SkewedOffset.swift */,
			);
			path = SkewedOffset;
			sourceTree = "<group>";
		};
		F3AE8424236DE2090017AF2C /* Turnover */ = {
			isa = PBXGroup;
			children = (
				F3AE8425236DE2320017AF2C /* TurnoverEffect.swift */,
				F3AE8427236DEF480017AF2C /* View+Turnover.swift */,
			);
			path = Turnover;
			sourceTree = "<group>";
		};
		F3AE8429236DFC690017AF2C /* Views */ = {
			isa = PBXGroup;
			children = (
				F3AE842A236DFC7C0017AF2C /* RotatingCard.swift */,
			);
			path = Views;
			sourceTree = "<group>";
		};
		F3E53673236F7FB400C512B8 /* Example 10 - Animating Along A Path */ = {
			isa = PBXGroup;
			children = (
				F3E53674236F7FF000C512B8 /* Example10.swift */,
				F3E5367E236F9A3700C512B8 /* LoopingPlaneView.swift */,
			);
			path = "Example 10 - Animating Along A Path";
			sourceTree = "<group>";
		};
		F3E53676236F80D800C512B8 /* Tracing */ = {
			isa = PBXGroup;
			children = (
				F3E53677236F80E700C512B8 /* TracingEffect.swift */,
				F3E53679236F80FD00C512B8 /* View+TracingEffect.swift */,
			);
			path = Tracing;
			sourceTree = "<group>";
		};
/* End PBXGroup section */

/* Begin PBXNativeTarget section */
		F367BEF92360709500FDEB0C /* AnimationsPart1 */ = {
			isa = PBXNativeTarget;
			buildConfigurationList = F367BF0E2360709700FDEB0C /* Build configuration list for PBXNativeTarget "AnimationsPart1" */;
			buildPhases = (
				F367BEF62360709500FDEB0C /* Sources */,
				F367BEF72360709500FDEB0C /* Frameworks */,
				F367BEF82360709500FDEB0C /* Resources */,
			);
			buildRules = (
			);
			dependencies = (
			);
			name = AnimationsPart1;
			packageProductDependencies = (
				F367BF1D2360766B00FDEB0C /* CypherPoetSwiftUIKit.ImageUtils */,
				F3E5367C236F89DD00C512B8 /* Burritos */,
			);
			productName = AnimationsPart1;
			productReference = F367BEFA2360709500FDEB0C /* AnimationsPart1.app */;
			productType = "com.apple.product-type.application";
		};
/* End PBXNativeTarget section */

/* Begin PBXProject section */
		F367BEF22360709500FDEB0C /* Project object */ = {
			isa = PBXProject;
			attributes = {
				LastSwiftUpdateCheck = 1120;
				LastUpgradeCheck = 1120;
				ORGANIZATIONNAME = CypherPoet;
				TargetAttributes = {
					F367BEF92360709500FDEB0C = {
						CreatedOnToolsVersion = 11.2;
					};
				};
			};
			buildConfigurationList = F367BEF52360709500FDEB0C /* Build configuration list for PBXProject "AnimationsPart1" */;
			compatibilityVersion = "Xcode 9.3";
			developmentRegion = en;
			hasScannedForEncodings = 0;
			knownRegions = (
				en,
				Base,
			);
			mainGroup = F367BEF12360709500FDEB0C;
			packageReferences = (
				F367BF1C2360766B00FDEB0C /* XCRemoteSwiftPackageReference "CypherPoetSwiftUIKit" */,
				F3E5367B236F89DD00C512B8 /* XCRemoteSwiftPackageReference "Burritos" */,
			);
			productRefGroup = F367BEFB2360709500FDEB0C /* Products */;
			projectDirPath = "";
			projectRoot = "";
			targets = (
				F367BEF92360709500FDEB0C /* AnimationsPart1 */,
			);
		};
/* End PBXProject section */

/* Begin PBXResourcesBuildPhase section */
		F367BEF82360709500FDEB0C /* Resources */ = {
			isa = PBXResourcesBuildPhase;
			buildActionMask = 2147483647;
			files = (
				F367BF0A2360709700FDEB0C /* LaunchScreen.storyboard in Resources */,
				F367BF1B236075CF00FDEB0C /* Assets.xcassets in Resources */,
				F367BF072360709700FDEB0C /* Preview Assets.xcassets in Resources */,
			);
			runOnlyForDeploymentPostprocessing = 0;
		};
/* End PBXResourcesBuildPhase section */

/* Begin PBXSourcesBuildPhase section */
		F367BEF62360709500FDEB0C /* Sources */ = {
			isa = PBXSourcesBuildPhase;
			buildActionMask = 2147483647;
			files = (
				F3AE842B236DFC7C0017AF2C /* RotatingCard.swift in Sources */,
				F3A5BF59236698BF0031FACF /* SpinningFlower.swift in Sources */,
				F367BEFE2360709500FDEB0C /* AppDelegate.swift in Sources */,
				F3AE83E6236C3F370017AF2C /* Example8.swift in Sources */,
				F3A5BF5E2366A2F80031FACF /* PetalShape.swift in Sources */,
				F367BF3C2361177600FDEB0C /* Example4.swift in Sources */,
				F3AE83E9236C3FD60017AF2C /* SkewedOffset.swift in Sources */,
				F3E53675236F7FF000C512B8 /* Example10.swift in Sources */,
				F3E5367A236F80FD00C512B8 /* View+TracingEffect.swift in Sources */,
				F3E53683236F9C1100C512B8 /* InfinityShape.swift in Sources */,
				F30444A42370D66D00DF3F55 /* Example11.swift in Sources */,
				F367BF14236071EE00FDEB0C /* MainView.swift in Sources */,
				F300415623623E89005F5FE6 /* Example6.swift in Sources */,
				F30444A92370DB8000DF3F55 /* LayoutIgnorableOffsetEffect.swift in Sources */,
				F3E5367F236F9A3700C512B8 /* LoopingPlaneView.swift in Sources */,
				F367BF362360F73C00FDEB0C /* PolygonShape.swift in Sources */,
				F3AE8428236DEF490017AF2C /* View+Turnover.swift in Sources */,
				F300415C23624174005F5FE6 /* ClockTime.swift in Sources */,
				F3AE8426236DE2320017AF2C /* TurnoverEffect.swift in Sources */,
				F367BF172360731100FDEB0C /* Example1.swift in Sources */,
				F30444A82370DB8000DF3F55 /* View+LayoutIgnorableOffsetEffect .swift in Sources */,
				F367BF212360804600FDEB0C /* Example2.swift in Sources */,
				F367BF39236100E200FDEB0C /* Example3.swift in Sources */,
				F3A5BF5C23669AA50031FACF /* SpinningFlower+PetalLayer.swift in Sources */,
				F33559562361F8F200628227 /* Example5.swift in Sources */,
				F3E53678236F80E700C512B8 /* TracingEffect.swift in Sources */,
				F300415823623F9D005F5FE6 /* ClockShape.swift in Sources */,
				F3AE83EB236C43590017AF2C /* View+SkewedOffset.swift in Sources */,
				F367BF002360709500FDEB0C /* SceneDelegate.swift in Sources */,
				F3AE8422236DDFB10017AF2C /* Example9.swift in Sources */,
				F3A5BF572366984B0031FACF /* Example7.swift in Sources */,
			);
			runOnlyForDeploymentPostprocessing = 0;
		};
/* End PBXSourcesBuildPhase section */

/* Begin PBXVariantGroup section */
		F367BF082360709700FDEB0C /* LaunchScreen.storyboard */ = {
			isa = PBXVariantGroup;
			children = (
				F367BF092360709700FDEB0C /* Base */,
			);
			name = LaunchScreen.storyboard;
			sourceTree = "<group>";
		};
/* End PBXVariantGroup section */

/* Begin XCBuildConfiguration section */
		F367BF0C2360709700FDEB0C /* Debug */ = {
			isa = XCBuildConfiguration;
			buildSettings = {
				ALWAYS_SEARCH_USER_PATHS = NO;
				CLANG_ANALYZER_NONNULL = YES;
				CLANG_ANALYZER_NUMBER_OBJECT_CONVERSION = YES_AGGRESSIVE;
				CLANG_CXX_LANGUAGE_STANDARD = "gnu++14";
				CLANG_CXX_LIBRARY = "libc++";
				CLANG_ENABLE_MODULES = YES;
				CLANG_ENABLE_OBJC_ARC = YES;
				CLANG_ENABLE_OBJC_WEAK = YES;
				CLANG_WARN_BLOCK_CAPTURE_AUTORELEASING = YES;
				CLANG_WARN_BOOL_CONVERSION = YES;
				CLANG_WARN_COMMA = YES;
				CLANG_WARN_CONSTANT_CONVERSION = YES;
				CLANG_WARN_DEPRECATED_OBJC_IMPLEMENTATIONS = YES;
				CLANG_WARN_DIRECT_OBJC_ISA_USAGE = YES_ERROR;
				CLANG_WARN_DOCUMENTATION_COMMENTS = YES;
				CLANG_WARN_EMPTY_BODY = YES;
				CLANG_WARN_ENUM_CONVERSION = YES;
				CLANG_WARN_INFINITE_RECURSION = YES;
				CLANG_WARN_INT_CONVERSION = YES;
				CLANG_WARN_NON_LITERAL_NULL_CONVERSION = YES;
				CLANG_WARN_OBJC_IMPLICIT_RETAIN_SELF = YES;
				CLANG_WARN_OBJC_LITERAL_CONVERSION = YES;
				CLANG_WARN_OBJC_ROOT_CLASS = YES_ERROR;
				CLANG_WARN_RANGE_LOOP_ANALYSIS = YES;
				CLANG_WARN_STRICT_PROTOTYPES = YES;
				CLANG_WARN_SUSPICIOUS_MOVE = YES;
				CLANG_WARN_UNGUARDED_AVAILABILITY = YES_AGGRESSIVE;
				CLANG_WARN_UNREACHABLE_CODE = YES;
				CLANG_WARN__DUPLICATE_METHOD_MATCH = YES;
				COPY_PHASE_STRIP = NO;
				DEBUG_INFORMATION_FORMAT = dwarf;
				ENABLE_STRICT_OBJC_MSGSEND = YES;
				ENABLE_TESTABILITY = YES;
				GCC_C_LANGUAGE_STANDARD = gnu11;
				GCC_DYNAMIC_NO_PIC = NO;
				GCC_NO_COMMON_BLOCKS = YES;
				GCC_OPTIMIZATION_LEVEL = 0;
				GCC_PREPROCESSOR_DEFINITIONS = (
					"DEBUG=1",
					"$(inherited)",
				);
				GCC_WARN_64_TO_32_BIT_CONVERSION = YES;
				GCC_WARN_ABOUT_RETURN_TYPE = YES_ERROR;
				GCC_WARN_UNDECLARED_SELECTOR = YES;
				GCC_WARN_UNINITIALIZED_AUTOS = YES_AGGRESSIVE;
				GCC_WARN_UNUSED_FUNCTION = YES;
				GCC_WARN_UNUSED_VARIABLE = YES;
				IPHONEOS_DEPLOYMENT_TARGET = 13.2;
				MTL_ENABLE_DEBUG_INFO = INCLUDE_SOURCE;
				MTL_FAST_MATH = YES;
				ONLY_ACTIVE_ARCH = YES;
				SDKROOT = iphoneos;
				SWIFT_ACTIVE_COMPILATION_CONDITIONS = DEBUG;
				SWIFT_OPTIMIZATION_LEVEL = "-Onone";
			};
			name = Debug;
		};
		F367BF0D2360709700FDEB0C /* Release */ = {
			isa = XCBuildConfiguration;
			buildSettings = {
				ALWAYS_SEARCH_USER_PATHS = NO;
				CLANG_ANALYZER_NONNULL = YES;
				CLANG_ANALYZER_NUMBER_OBJECT_CONVERSION = YES_AGGRESSIVE;
				CLANG_CXX_LANGUAGE_STANDARD = "gnu++14";
				CLANG_CXX_LIBRARY = "libc++";
				CLANG_ENABLE_MODULES = YES;
				CLANG_ENABLE_OBJC_ARC = YES;
				CLANG_ENABLE_OBJC_WEAK = YES;
				CLANG_WARN_BLOCK_CAPTURE_AUTORELEASING = YES;
				CLANG_WARN_BOOL_CONVERSION = YES;
				CLANG_WARN_COMMA = YES;
				CLANG_WARN_CONSTANT_CONVERSION = YES;
				CLANG_WARN_DEPRECATED_OBJC_IMPLEMENTATIONS = YES;
				CLANG_WARN_DIRECT_OBJC_ISA_USAGE = YES_ERROR;
				CLANG_WARN_DOCUMENTATION_COMMENTS = YES;
				CLANG_WARN_EMPTY_BODY = YES;
				CLANG_WARN_ENUM_CONVERSION = YES;
				CLANG_WARN_INFINITE_RECURSION = YES;
				CLANG_WARN_INT_CONVERSION = YES;
				CLANG_WARN_NON_LITERAL_NULL_CONVERSION = YES;
				CLANG_WARN_OBJC_IMPLICIT_RETAIN_SELF = YES;
				CLANG_WARN_OBJC_LITERAL_CONVERSION = YES;
				CLANG_WARN_OBJC_ROOT_CLASS = YES_ERROR;
				CLANG_WARN_RANGE_LOOP_ANALYSIS = YES;
				CLANG_WARN_STRICT_PROTOTYPES = YES;
				CLANG_WARN_SUSPICIOUS_MOVE = YES;
				CLANG_WARN_UNGUARDED_AVAILABILITY = YES_AGGRESSIVE;
				CLANG_WARN_UNREACHABLE_CODE = YES;
				CLANG_WARN__DUPLICATE_METHOD_MATCH = YES;
				COPY_PHASE_STRIP = NO;
				DEBUG_INFORMATION_FORMAT = "dwarf-with-dsym";
				ENABLE_NS_ASSERTIONS = NO;
				ENABLE_STRICT_OBJC_MSGSEND = YES;
				GCC_C_LANGUAGE_STANDARD = gnu11;
				GCC_NO_COMMON_BLOCKS = YES;
				GCC_WARN_64_TO_32_BIT_CONVERSION = YES;
				GCC_WARN_ABOUT_RETURN_TYPE = YES_ERROR;
				GCC_WARN_UNDECLARED_SELECTOR = YES;
				GCC_WARN_UNINITIALIZED_AUTOS = YES_AGGRESSIVE;
				GCC_WARN_UNUSED_FUNCTION = YES;
				GCC_WARN_UNUSED_VARIABLE = YES;
				IPHONEOS_DEPLOYMENT_TARGET = 13.2;
				MTL_ENABLE_DEBUG_INFO = NO;
				MTL_FAST_MATH = YES;
				SDKROOT = iphoneos;
				SWIFT_COMPILATION_MODE = wholemodule;
				SWIFT_OPTIMIZATION_LEVEL = "-O";
				VALIDATE_PRODUCT = YES;
			};
			name = Release;
		};
		F367BF0F2360709700FDEB0C /* Debug */ = {
			isa = XCBuildConfiguration;
			buildSettings = {
				ASSETCATALOG_COMPILER_APPICON_NAME = AppIcon;
				CODE_SIGN_STYLE = Automatic;
				DEVELOPMENT_ASSET_PATHS = "\"AnimationsPart1/Preview Content\"";
				DEVELOPMENT_TEAM = QRXXH2RKAG;
				ENABLE_PREVIEWS = YES;
				INFOPLIST_FILE = AnimationsPart1/Info.plist;
				LD_RUNPATH_SEARCH_PATHS = (
					"$(inherited)",
					"@executable_path/Frameworks",
				);
				PRODUCT_BUNDLE_IDENTIFIER = io.github.cypherpoet.AnimationsPart1;
				PRODUCT_NAME = "$(TARGET_NAME)";
				SWIFT_VERSION = 5.0;
				TARGETED_DEVICE_FAMILY = "1,2";
			};
			name = Debug;
		};
		F367BF102360709700FDEB0C /* Release */ = {
			isa = XCBuildConfiguration;
			buildSettings = {
				ASSETCATALOG_COMPILER_APPICON_NAME = AppIcon;
				CODE_SIGN_STYLE = Automatic;
				DEVELOPMENT_ASSET_PATHS = "\"AnimationsPart1/Preview Content\"";
				DEVELOPMENT_TEAM = QRXXH2RKAG;
				ENABLE_PREVIEWS = YES;
				INFOPLIST_FILE = AnimationsPart1/Info.plist;
				LD_RUNPATH_SEARCH_PATHS = (
					"$(inherited)",
					"@executable_path/Frameworks",
				);
				PRODUCT_BUNDLE_IDENTIFIER = io.github.cypherpoet.AnimationsPart1;
				PRODUCT_NAME = "$(TARGET_NAME)";
				SWIFT_VERSION = 5.0;
				TARGETED_DEVICE_FAMILY = "1,2";
			};
			name = Release;
		};
/* End XCBuildConfiguration section */

/* Begin XCConfigurationList section */
		F367BEF52360709500FDEB0C /* Build configuration list for PBXProject "AnimationsPart1" */ = {
			isa = XCConfigurationList;
			buildConfigurations = (
				F367BF0C2360709700FDEB0C /* Debug */,
				F367BF0D2360709700FDEB0C /* Release */,
			);
			defaultConfigurationIsVisible = 0;
			defaultConfigurationName = Release;
		};
		F367BF0E2360709700FDEB0C /* Build configuration list for PBXNativeTarget "AnimationsPart1" */ = {
			isa = XCConfigurationList;
			buildConfigurations = (
				F367BF0F2360709700FDEB0C /* Debug */,
				F367BF102360709700FDEB0C /* Release */,
			);
			defaultConfigurationIsVisible = 0;
			defaultConfigurationName = Release;
		};
/* End XCConfigurationList section */

/* Begin XCRemoteSwiftPackageReference section */
		F367BF1C2360766B00FDEB0C /* XCRemoteSwiftPackageReference "CypherPoetSwiftUIKit" */ = {
			isa = XCRemoteSwiftPackageReference;
			repositoryURL = "https://github.com/CypherPoet/CypherPoetSwiftUIKit.git";
			requirement = {
				kind = upToNextMajorVersion;
				minimumVersion = 0.0.9;
			};
		};
		F3E5367B236F89DD00C512B8 /* XCRemoteSwiftPackageReference "Burritos" */ = {
			isa = XCRemoteSwiftPackageReference;
			repositoryURL = "https://github.com/guillermomuntaner/Burritos.git";
			requirement = {
				kind = upToNextMajorVersion;
				minimumVersion = 0.0.3;
			};
		};
/* End XCRemoteSwiftPackageReference section */

/* Begin XCSwiftPackageProductDependency section */
		F367BF1D2360766B00FDEB0C /* CypherPoetSwiftUIKit.ImageUtils */ = {
			isa = XCSwiftPackageProductDependency;
			package = F367BF1C2360766B00FDEB0C /* XCRemoteSwiftPackageReference "CypherPoetSwiftUIKit" */;
			productName = CypherPoetSwiftUIKit.ImageUtils;
		};
		F3E5367C236F89DD00C512B8 /* Burritos */ = {
			isa = XCSwiftPackageProductDependency;
			package = F3E5367B236F89DD00C512B8 /* XCRemoteSwiftPackageReference "Burritos" */;
			productName = Burritos;
		};
/* End XCSwiftPackageProductDependency section */
	};
	rootObject = F367BEF22360709500FDEB0C /* Project object */;
}
