// !$*UTF8*$!
{
	archiveVersion = 1;
	classes = {
	};
	objectVersion = 50;
	objects = {

/* Begin PBXBuildFile section */
		F325932123AE238A00F9BADA /* AppDelegate.swift in Sources */ = {isa = PBXBuildFile; fileRef = F325932023AE238A00F9BADA /* AppDelegate.swift */; };
		F325932323AE238A00F9BADA /* SceneDelegate.swift in Sources */ = {isa = PBXBuildFile; fileRef = F325932223AE238A00F9BADA /* SceneDelegate.swift */; };
		F325932723AE238D00F9BADA /* Assets.xcassets in Resources */ = {isa = PBXBuildFile; fileRef = F325932623AE238D00F9BADA /* Assets.xcassets */; };
		F325932A23AE238D00F9BADA /* Preview Assets.xcassets in Resources */ = {isa = PBXBuildFile; fileRef = F325932923AE238D00F9BADA /* Preview Assets.xcassets */; };
		F325932D23AE238D00F9BADA /* LaunchScreen.storyboard in Resources */ = {isa = PBXBuildFile; fileRef = F325932B23AE238D00F9BADA /* LaunchScreen.storyboard */; };
		F325933823AE311200F9BADA /* RootView.swift in Sources */ = {isa = PBXBuildFile; fileRef = F325933723AE311200F9BADA /* RootView.swift */; };
		F325933A23AE316700F9BADA /* SquareFixerView.swift in Sources */ = {isa = PBXBuildFile; fileRef = F325933923AE316700F9BADA /* SquareFixerView.swift */; };
		F325933F23AE33CD00F9BADA /* SquareSet.swift in Sources */ = {isa = PBXBuildFile; fileRef = F325933E23AE33CD00F9BADA /* SquareSet.swift */; };
/* End PBXBuildFile section */

/* Begin PBXFileReference section */
		F325931D23AE238A00F9BADA /* FrameBehaviors.app */ = {isa = PBXFileReference; explicitFileType = wrapper.application; includeInIndex = 0; path = FrameBehaviors.app; sourceTree = BUILT_PRODUCTS_DIR; };
		F325932023AE238A00F9BADA /* AppDelegate.swift */ = {isa = PBXFileReference; lastKnownFileType = sourcecode.swift; path = AppDelegate.swift; sourceTree = "<group>"; };
		F325932223AE238A00F9BADA /* SceneDelegate.swift */ = {isa = PBXFileReference; lastKnownFileType = sourcecode.swift; path = SceneDelegate.swift; sourceTree = "<group>"; };
		F325932623AE238D00F9BADA /* Assets.xcassets */ = {isa = PBXFileReference; lastKnownFileType = folder.assetcatalog; path = Assets.xcassets; sourceTree = "<group>"; };
		F325932923AE238D00F9BADA /* Preview Assets.xcassets */ = {isa = PBXFileReference; lastKnownFileType = folder.assetcatalog; path = "Preview Assets.xcassets"; sourceTree = "<group>"; };
		F325932C23AE238D00F9BADA /* Base */ = {isa = PBXFileReference; lastKnownFileType = file.storyboard; name = Base; path = Base.lproj/LaunchScreen.storyboard; sourceTree = "<group>"; };
		F325932E23AE238D00F9BADA /* Info.plist */ = {isa = PBXFileReference; lastKnownFileType = text.plist.xml; path = Info.plist; sourceTree = "<group>"; };
		F325933723AE311200F9BADA /* RootView.swift */ = {isa = PBXFileReference; lastKnownFileType = sourcecode.swift; path = RootView.swift; sourceTree = "<group>"; };
		F325933923AE316700F9BADA /* SquareFixerView.swift */ = {isa = PBXFileReference; lastKnownFileType = sourcecode.swift; path = SquareFixerView.swift; sourceTree = "<group>"; };
		F325933E23AE33CD00F9BADA /* SquareSet.swift */ = {isa = PBXFileReference; lastKnownFileType = sourcecode.swift; path = SquareSet.swift; sourceTree = "<group>"; };
/* End PBXFileReference section */

/* Begin PBXFrameworksBuildPhase section */
		F325931A23AE238A00F9BADA /* Frameworks */ = {
			isa = PBXFrameworksBuildPhase;
			buildActionMask = 2147483647;
			files = (
			);
			runOnlyForDeploymentPostprocessing = 0;
		};
/* End PBXFrameworksBuildPhase section */

/* Begin PBXGroup section */
		F325931423AE238A00F9BADA = {
			isa = PBXGroup;
			children = (
				F325931F23AE238A00F9BADA /* FrameBehaviors */,
				F325931E23AE238A00F9BADA /* Products */,
			);
			sourceTree = "<group>";
		};
		F325931E23AE238A00F9BADA /* Products */ = {
			isa = PBXGroup;
			children = (
				F325931D23AE238A00F9BADA /* FrameBehaviors.app */,
			);
			name = Products;
			sourceTree = "<group>";
		};
		F325931F23AE238A00F9BADA /* FrameBehaviors */ = {
			isa = PBXGroup;
			children = (
				F325933C23AE33C200F9BADA /* Reusables */,
				F325932023AE238A00F9BADA /* AppDelegate.swift */,
				F325932223AE238A00F9BADA /* SceneDelegate.swift */,
				F325933423AE30E500F9BADA /* Scenes */,
				F325932623AE238D00F9BADA /* Assets.xcassets */,
				F325932B23AE238D00F9BADA /* LaunchScreen.storyboard */,
				F325932E23AE238D00F9BADA /* Info.plist */,
				F325932823AE238D00F9BADA /* Preview Content */,
			);
			path = FrameBehaviors;
			sourceTree = "<group>";
		};
		F325932823AE238D00F9BADA /* Preview Content */ = {
			isa = PBXGroup;
			children = (
				F325932923AE238D00F9BADA /* Preview Assets.xcassets */,
			);
			path = "Preview Content";
			sourceTree = "<group>";
		};
		F325933423AE30E500F9BADA /* Scenes */ = {
			isa = PBXGroup;
			children = (
				F325933723AE311200F9BADA /* RootView.swift */,
				F325933923AE316700F9BADA /* SquareFixerView.swift */,
			);
			path = Scenes;
			sourceTree = "<group>";
		};
		F325933C23AE33C200F9BADA /* Reusables */ = {
			isa = PBXGroup;
			children = (
				F325933D23AE33C600F9BADA /* Views */,
			);
			path = Reusables;
			sourceTree = "<group>";
		};
		F325933D23AE33C600F9BADA /* Views */ = {
			isa = PBXGroup;
			children = (
				F325933E23AE33CD00F9BADA /* SquareSet.swift */,
			);
			path = Views;
			sourceTree = "<group>";
		};
/* End PBXGroup section */

/* Begin PBXNativeTarget section */
		F325931C23AE238A00F9BADA /* FrameBehaviors */ = {
			isa = PBXNativeTarget;
			buildConfigurationList = F325933123AE238D00F9BADA /* Build configuration list for PBXNativeTarget "FrameBehaviors" */;
			buildPhases = (
				F325931923AE238A00F9BADA /* Sources */,
				F325931A23AE238A00F9BADA /* Frameworks */,
				F325931B23AE238A00F9BADA /* Resources */,
			);
			buildRules = (
			);
			dependencies = (
			);
			name = FrameBehaviors;
			productName = FrameBehaviors;
			productReference = F325931D23AE238A00F9BADA /* FrameBehaviors.app */;
			productType = "com.apple.product-type.application";
		};
/* End PBXNativeTarget section */

/* Begin PBXProject section */
		F325931523AE238A00F9BADA /* Project object */ = {
			isa = PBXProject;
			attributes = {
				LastSwiftUpdateCheck = 1130;
				LastUpgradeCheck = 1130;
				ORGANIZATIONNAME = CypherPoet;
				TargetAttributes = {
					F325931C23AE238A00F9BADA = {
						CreatedOnToolsVersion = 11.3;
					};
				};
			};
			buildConfigurationList = F325931823AE238A00F9BADA /* Build configuration list for PBXProject "FrameBehaviors" */;
			compatibilityVersion = "Xcode 9.3";
			developmentRegion = en;
			hasScannedForEncodings = 0;
			knownRegions = (
				en,
				Base,
			);
			mainGroup = F325931423AE238A00F9BADA;
			productRefGroup = F325931E23AE238A00F9BADA /* Products */;
			projectDirPath = "";
			projectRoot = "";
			targets = (
				F325931C23AE238A00F9BADA /* FrameBehaviors */,
			);
		};
/* End PBXProject section */

/* Begin PBXResourcesBuildPhase section */
		F325931B23AE238A00F9BADA /* Resources */ = {
			isa = PBXResourcesBuildPhase;
			buildActionMask = 2147483647;
			files = (
				F325932D23AE238D00F9BADA /* LaunchScreen.storyboard in Resources */,
				F325932A23AE238D00F9BADA /* Preview Assets.xcassets in Resources */,
				F325932723AE238D00F9BADA /* Assets.xcassets in Resources */,
			);
			runOnlyForDeploymentPostprocessing = 0;
		};
/* End PBXResourcesBuildPhase section */

/* Begin PBXSourcesBuildPhase section */
		F325931923AE238A00F9BADA /* Sources */ = {
			isa = PBXSourcesBuildPhase;
			buildActionMask = 2147483647;
			files = (
				F325932123AE238A00F9BADA /* AppDelegate.swift in Sources */,
				F325933F23AE33CD00F9BADA /* SquareSet.swift in Sources */,
				F325932323AE238A00F9BADA /* SceneDelegate.swift in Sources */,
				F325933A23AE316700F9BADA /* SquareFixerView.swift in Sources */,
				F325933823AE311200F9BADA /* RootView.swift in Sources */,
			);
			runOnlyForDeploymentPostprocessing = 0;
		};
/* End PBXSourcesBuildPhase section */

/* Begin PBXVariantGroup section */
		F325932B23AE238D00F9BADA /* LaunchScreen.storyboard */ = {
			isa = PBXVariantGroup;
			children = (
				F325932C23AE238D00F9BADA /* Base */,
			);
			name = LaunchScreen.storyboard;
			sourceTree = "<group>";
		};
/* End PBXVariantGroup section */

/* Begin XCBuildConfiguration section */
		F325932F23AE238D00F9BADA /* Debug */ = {
			isa = XCBuildConfiguration;
			buildSettings = {
				ALWAYS_SEARCH_USER_PATHS = NO;
				CLANG_ANALYZER_NONNULL = YES;
				CLANG_ANALYZER_NUMBER_OBJECT_CONVERSION = YES_AGGRESSIVE;
				CLANG_CXX_LANGUAGE_STANDARD = "gnu++14";
				CLANG_CXX_LIBRARY = "libc++";
				CLANG_ENABLE_MODULES = YES;
				CLANG_ENABLE_OBJC_ARC = YES;
				CLANG_ENABLE_OBJC_WEAK = YES;
				CLANG_WARN_BLOCK_CAPTURE_AUTORELEASING = YES;
				CLANG_WARN_BOOL_CONVERSION = YES;
				CLANG_WARN_COMMA = YES;
				CLANG_WARN_CONSTANT_CONVERSION = YES;
				CLANG_WARN_DEPRECATED_OBJC_IMPLEMENTATIONS = YES;
				CLANG_WARN_DIRECT_OBJC_ISA_USAGE = YES_ERROR;
				CLANG_WARN_DOCUMENTATION_COMMENTS = YES;
				CLANG_WARN_EMPTY_BODY = YES;
				CLANG_WARN_ENUM_CONVERSION = YES;
				CLANG_WARN_INFINITE_RECURSION = YES;
				CLANG_WARN_INT_CONVERSION = YES;
				CLANG_WARN_NON_LITERAL_NULL_CONVERSION = YES;
				CLANG_WARN_OBJC_IMPLICIT_RETAIN_SELF = YES;
				CLANG_WARN_OBJC_LITERAL_CONVERSION = YES;
				CLANG_WARN_OBJC_ROOT_CLASS = YES_ERROR;
				CLANG_WARN_RANGE_LOOP_ANALYSIS = YES;
				CLANG_WARN_STRICT_PROTOTYPES = YES;
				CLANG_WARN_SUSPICIOUS_MOVE = YES;
				CLANG_WARN_UNGUARDED_AVAILABILITY = YES_AGGRESSIVE;
				CLANG_WARN_UNREACHABLE_CODE = YES;
				CLANG_WARN__DUPLICATE_METHOD_MATCH = YES;
				COPY_PHASE_STRIP = NO;
				DEBUG_INFORMATION_FORMAT = dwarf;
				ENABLE_STRICT_OBJC_MSGSEND = YES;
				ENABLE_TESTABILITY = YES;
				GCC_C_LANGUAGE_STANDARD = gnu11;
				GCC_DYNAMIC_NO_PIC = NO;
				GCC_NO_COMMON_BLOCKS = YES;
				GCC_OPTIMIZATION_LEVEL = 0;
				GCC_PREPROCESSOR_DEFINITIONS = (
					"DEBUG=1",
					"$(inherited)",
				);
				GCC_WARN_64_TO_32_BIT_CONVERSION = YES;
				GCC_WARN_ABOUT_RETURN_TYPE = YES_ERROR;
				GCC_WARN_UNDECLARED_SELECTOR = YES;
				GCC_WARN_UNINITIALIZED_AUTOS = YES_AGGRESSIVE;
				GCC_WARN_UNUSED_FUNCTION = YES;
				GCC_WARN_UNUSED_VARIABLE = YES;
				IPHONEOS_DEPLOYMENT_TARGET = 13.2;
				MTL_ENABLE_DEBUG_INFO = INCLUDE_SOURCE;
				MTL_FAST_MATH = YES;
				ONLY_ACTIVE_ARCH = YES;
				SDKROOT = iphoneos;
				SWIFT_ACTIVE_COMPILATION_CONDITIONS = DEBUG;
				SWIFT_OPTIMIZATION_LEVEL = "-Onone";
			};
			name = Debug;
		};
		F325933023AE238D00F9BADA /* Release */ = {
			isa = XCBuildConfiguration;
			buildSettings = {
				ALWAYS_SEARCH_USER_PATHS = NO;
				CLANG_ANALYZER_NONNULL = YES;
				CLANG_ANALYZER_NUMBER_OBJECT_CONVERSION = YES_AGGRESSIVE;
				CLANG_CXX_LANGUAGE_STANDARD = "gnu++14";
				CLANG_CXX_LIBRARY = "libc++";
				CLANG_ENABLE_MODULES = YES;
				CLANG_ENABLE_OBJC_ARC = YES;
				CLANG_ENABLE_OBJC_WEAK = YES;
				CLANG_WARN_BLOCK_CAPTURE_AUTORELEASING = YES;
				CLANG_WARN_BOOL_CONVERSION = YES;
				CLANG_WARN_COMMA = YES;
				CLANG_WARN_CONSTANT_CONVERSION = YES;
				CLANG_WARN_DEPRECATED_OBJC_IMPLEMENTATIONS = YES;
				CLANG_WARN_DIRECT_OBJC_ISA_USAGE = YES_ERROR;
				CLANG_WARN_DOCUMENTATION_COMMENTS = YES;
				CLANG_WARN_EMPTY_BODY = YES;
				CLANG_WARN_ENUM_CONVERSION = YES;
				CLANG_WARN_INFINITE_RECURSION = YES;
				CLANG_WARN_INT_CONVERSION = YES;
				CLANG_WARN_NON_LITERAL_NULL_CONVERSION = YES;
				CLANG_WARN_OBJC_IMPLICIT_RETAIN_SELF = YES;
				CLANG_WARN_OBJC_LITERAL_CONVERSION = YES;
				CLANG_WARN_OBJC_ROOT_CLASS = YES_ERROR;
				CLANG_WARN_RANGE_LOOP_ANALYSIS = YES;
				CLANG_WARN_STRICT_PROTOTYPES = YES;
				CLANG_WARN_SUSPICIOUS_MOVE = YES;
				CLANG_WARN_UNGUARDED_AVAILABILITY = YES_AGGRESSIVE;
				CLANG_WARN_UNREACHABLE_CODE = YES;
				CLANG_WARN__DUPLICATE_METHOD_MATCH = YES;
				COPY_PHASE_STRIP = NO;
				DEBUG_INFORMATION_FORMAT = "dwarf-with-dsym";
				ENABLE_NS_ASSERTIONS = NO;
				ENABLE_STRICT_OBJC_MSGSEND = YES;
				GCC_C_LANGUAGE_STANDARD = gnu11;
				GCC_NO_COMMON_BLOCKS = YES;
				GCC_WARN_64_TO_32_BIT_CONVERSION = YES;
				GCC_WARN_ABOUT_RETURN_TYPE = YES_ERROR;
				GCC_WARN_UNDECLARED_SELECTOR = YES;
				GCC_WARN_UNINITIALIZED_AUTOS = YES_AGGRESSIVE;
				GCC_WARN_UNUSED_FUNCTION = YES;
				GCC_WARN_UNUSED_VARIABLE = YES;
				IPHONEOS_DEPLOYMENT_TARGET = 13.2;
				MTL_ENABLE_DEBUG_INFO = NO;
				MTL_FAST_MATH = YES;
				SDKROOT = iphoneos;
				SWIFT_COMPILATION_MODE = wholemodule;
				SWIFT_OPTIMIZATION_LEVEL = "-O";
				VALIDATE_PRODUCT = YES;
			};
			name = Release;
		};
		F325933223AE238D00F9BADA /* Debug */ = {
			isa = XCBuildConfiguration;
			buildSettings = {
				ASSETCATALOG_COMPILER_APPICON_NAME = AppIcon;
				CODE_SIGN_STYLE = Automatic;
				DEVELOPMENT_ASSET_PATHS = "\"FrameBehaviors/Preview Content\"";
				DEVELOPMENT_TEAM = QRXXH2RKAG;
				ENABLE_PREVIEWS = YES;
				INFOPLIST_FILE = FrameBehaviors/Info.plist;
				LD_RUNPATH_SEARCH_PATHS = (
					"$(inherited)",
					"@executable_path/Frameworks",
				);
				PRODUCT_BUNDLE_IDENTIFIER = io.github.cypherpoet.FrameBehaviors;
				PRODUCT_NAME = "$(TARGET_NAME)";
				SWIFT_VERSION = 5.0;
				TARGETED_DEVICE_FAMILY = "1,2";
			};
			name = Debug;
		};
		F325933323AE238D00F9BADA /* Release */ = {
			isa = XCBuildConfiguration;
			buildSettings = {
				ASSETCATALOG_COMPILER_APPICON_NAME = AppIcon;
				CODE_SIGN_STYLE = Automatic;
				DEVELOPMENT_ASSET_PATHS = "\"FrameBehaviors/Preview Content\"";
				DEVELOPMENT_TEAM = QRXXH2RKAG;
				ENABLE_PREVIEWS = YES;
				INFOPLIST_FILE = FrameBehaviors/Info.plist;
				LD_RUNPATH_SEARCH_PATHS = (
					"$(inherited)",
					"@executable_path/Frameworks",
				);
				PRODUCT_BUNDLE_IDENTIFIER = io.github.cypherpoet.FrameBehaviors;
				PRODUCT_NAME = "$(TARGET_NAME)";
				SWIFT_VERSION = 5.0;
				TARGETED_DEVICE_FAMILY = "1,2";
			};
			name = Release;
		};
/* End XCBuildConfiguration section */

/* Begin XCConfigurationList section */
		F325931823AE238A00F9BADA /* Build configuration list for PBXProject "FrameBehaviors" */ = {
			isa = XCConfigurationList;
			buildConfigurations = (
				F325932F23AE238D00F9BADA /* Debug */,
				F325933023AE238D00F9BADA /* Release */,
			);
			defaultConfigurationIsVisible = 0;
			defaultConfigurationName = Release;
		};
		F325933123AE238D00F9BADA /* Build configuration list for PBXNativeTarget "FrameBehaviors" */ = {
			isa = XCConfigurationList;
			buildConfigurations = (
				F325933223AE238D00F9BADA /* Debug */,
				F325933323AE238D00F9BADA /* Release */,
			);
			defaultConfigurationIsVisible = 0;
			defaultConfigurationName = Release;
		};
/* End XCConfigurationList section */
	};
	rootObject = F325931523AE238A00F9BADA /* Project object */;
}
