// !$*UTF8*$!
{
	archiveVersion = 1;
	classes = {
	};
	objectVersion = 50;
	objects = {

/* Begin PBXBuildFile section */
		F30E103023E59637000DA131 /* AppDelegate.swift in Sources */ = {isa = PBXBuildFile; fileRef = F30E102F23E59637000DA131 /* AppDelegate.swift */; };
		F30E103223E59637000DA131 /* SceneDelegate.swift in Sources */ = {isa = PBXBuildFile; fileRef = F30E103123E59637000DA131 /* SceneDelegate.swift */; };
		F30E103623E5963A000DA131 /* Assets.xcassets in Resources */ = {isa = PBXBuildFile; fileRef = F30E103523E5963A000DA131 /* Assets.xcassets */; };
		F30E103923E5963A000DA131 /* Preview Assets.xcassets in Resources */ = {isa = PBXBuildFile; fileRef = F30E103823E5963A000DA131 /* Preview Assets.xcassets */; };
		F30E103C23E5963A000DA131 /* LaunchScreen.storyboard in Resources */ = {isa = PBXBuildFile; fileRef = F30E103A23E5963A000DA131 /* LaunchScreen.storyboard */; };
		F30E104823E59698000DA131 /* RootView.swift in Sources */ = {isa = PBXBuildFile; fileRef = F30E104723E59698000DA131 /* RootView.swift */; };
		F30E104A23E5974C000DA131 /* ResettingStateValuesExample.swift in Sources */ = {isa = PBXBuildFile; fileRef = F30E104923E5974C000DA131 /* ResettingStateValuesExample.swift */; };
		F30E104E23E5BC45000DA131 /* UserFormView.swift in Sources */ = {isa = PBXBuildFile; fileRef = F30E104D23E5BC45000DA131 /* UserFormView.swift */; };
		F30E105023E5BC56000DA131 /* UserFormView+ViewModel.swift in Sources */ = {isa = PBXBuildFile; fileRef = F30E104F23E5BC56000DA131 /* UserFormView+ViewModel.swift */; };
		F3D4FD2823E5C751000CF606 /* TriggeringTransitionsExample.swift in Sources */ = {isa = PBXBuildFile; fileRef = F3D4FD2723E5C751000CF606 /* TriggeringTransitionsExample.swift */; };
		F3D4FD2B23E5CB90000CF606 /* ListViewPerformanceExample.swift in Sources */ = {isa = PBXBuildFile; fileRef = F3D4FD2A23E5CB90000CF606 /* ListViewPerformanceExample.swift */; };
/* End PBXBuildFile section */

/* Begin PBXFileReference section */
		F30E102C23E59637000DA131 /* IdentifyingSwiftUIViews.app */ = {isa = PBXFileReference; explicitFileType = wrapper.application; includeInIndex = 0; path = IdentifyingSwiftUIViews.app; sourceTree = BUILT_PRODUCTS_DIR; };
		F30E102F23E59637000DA131 /* AppDelegate.swift */ = {isa = PBXFileReference; lastKnownFileType = sourcecode.swift; path = AppDelegate.swift; sourceTree = "<group>"; };
		F30E103123E59637000DA131 /* SceneDelegate.swift */ = {isa = PBXFileReference; lastKnownFileType = sourcecode.swift; path = SceneDelegate.swift; sourceTree = "<group>"; };
		F30E103523E5963A000DA131 /* Assets.xcassets */ = {isa = PBXFileReference; lastKnownFileType = folder.assetcatalog; path = Assets.xcassets; sourceTree = "<group>"; };
		F30E103823E5963A000DA131 /* Preview Assets.xcassets */ = {isa = PBXFileReference; lastKnownFileType = folder.assetcatalog; path = "Preview Assets.xcassets"; sourceTree = "<group>"; };
		F30E103B23E5963A000DA131 /* Base */ = {isa = PBXFileReference; lastKnownFileType = file.storyboard; name = Base; path = Base.lproj/LaunchScreen.storyboard; sourceTree = "<group>"; };
		F30E103D23E5963A000DA131 /* Info.plist */ = {isa = PBXFileReference; lastKnownFileType = text.plist.xml; path = Info.plist; sourceTree = "<group>"; };
		F30E104723E59698000DA131 /* RootView.swift */ = {isa = PBXFileReference; lastKnownFileType = sourcecode.swift; path = RootView.swift; sourceTree = "<group>"; };
		F30E104923E5974C000DA131 /* ResettingStateValuesExample.swift */ = {isa = PBXFileReference; lastKnownFileType = sourcecode.swift; path = ResettingStateValuesExample.swift; sourceTree = "<group>"; };
		F30E104D23E5BC45000DA131 /* UserFormView.swift */ = {isa = PBXFileReference; lastKnownFileType = sourcecode.swift; path = UserFormView.swift; sourceTree = "<group>"; };
		F30E104F23E5BC56000DA131 /* UserFormView+ViewModel.swift */ = {isa = PBXFileReference; lastKnownFileType = sourcecode.swift; path = "UserFormView+ViewModel.swift"; sourceTree = "<group>"; };
		F3D4FD2723E5C751000CF606 /* TriggeringTransitionsExample.swift */ = {isa = PBXFileReference; lastKnownFileType = sourcecode.swift; path = TriggeringTransitionsExample.swift; sourceTree = "<group>"; };
		F3D4FD2A23E5CB90000CF606 /* ListViewPerformanceExample.swift */ = {isa = PBXFileReference; lastKnownFileType = sourcecode.swift; path = ListViewPerformanceExample.swift; sourceTree = "<group>"; };
/* End PBXFileReference section */

/* Begin PBXFrameworksBuildPhase section */
		F30E102923E59637000DA131 /* Frameworks */ = {
			isa = PBXFrameworksBuildPhase;
			buildActionMask = 2147483647;
			files = (
			);
			runOnlyForDeploymentPostprocessing = 0;
		};
/* End PBXFrameworksBuildPhase section */

/* Begin PBXGroup section */
		F30E102323E59637000DA131 = {
			isa = PBXGroup;
			children = (
				F30E102E23E59637000DA131 /* IdentifyingSwiftUIViews */,
				F30E102D23E59637000DA131 /* Products */,
			);
			sourceTree = "<group>";
		};
		F30E102D23E59637000DA131 /* Products */ = {
			isa = PBXGroup;
			children = (
				F30E102C23E59637000DA131 /* IdentifyingSwiftUIViews.app */,
			);
			name = Products;
			sourceTree = "<group>";
		};
		F30E102E23E59637000DA131 /* IdentifyingSwiftUIViews */ = {
			isa = PBXGroup;
			children = (
				F30E103D23E5963A000DA131 /* Info.plist */,
				F30E104523E59660000DA131 /* App */,
				F30E103A23E5963A000DA131 /* LaunchScreen.storyboard */,
				F30E103723E5963A000DA131 /* Preview Content */,
				F30E104623E59664000DA131 /* Resources */,
				F30E104423E5965A000DA131 /* Reusables */,
				F30E104323E59657000DA131 /* Scenes */,
			);
			path = IdentifyingSwiftUIViews;
			sourceTree = "<group>";
		};
		F30E103723E5963A000DA131 /* Preview Content */ = {
			isa = PBXGroup;
			children = (
				F30E103823E5963A000DA131 /* Preview Assets.xcassets */,
			);
			path = "Preview Content";
			sourceTree = "<group>";
		};
		F30E104323E59657000DA131 /* Scenes */ = {
			isa = PBXGroup;
			children = (
				F30E104723E59698000DA131 /* RootView.swift */,
				F3D4FD2923E5CB5F000CF606 /* Improving List View Performance */,
				F3D4FD2623E5C723000CF606 /* Triggering Transitions */,
				F30E104B23E5BBA0000DA131 /* Resetting State Values */,
			);
			path = Scenes;
			sourceTree = "<group>";
		};
		F30E104423E5965A000DA131 /* Reusables */ = {
			isa = PBXGroup;
			children = (
			);
			path = Reusables;
			sourceTree = "<group>";
		};
		F30E104523E59660000DA131 /* App */ = {
			isa = PBXGroup;
			children = (
				F30E102F23E59637000DA131 /* AppDelegate.swift */,
				F30E103123E59637000DA131 /* SceneDelegate.swift */,
			);
			path = App;
			sourceTree = "<group>";
		};
		F30E104623E59664000DA131 /* Resources */ = {
			isa = PBXGroup;
			children = (
				F30E104C23E5BC39000DA131 /* Views */,
				F30E103523E5963A000DA131 /* Assets.xcassets */,
			);
			path = Resources;
			sourceTree = "<group>";
		};
		F30E104B23E5BBA0000DA131 /* Resetting State Values */ = {
			isa = PBXGroup;
			children = (
				F30E104923E5974C000DA131 /* ResettingStateValuesExample.swift */,
				F30E104D23E5BC45000DA131 /* UserFormView.swift */,
				F30E104F23E5BC56000DA131 /* UserFormView+ViewModel.swift */,
			);
			path = "Resetting State Values";
			sourceTree = "<group>";
		};
		F30E104C23E5BC39000DA131 /* Views */ = {
			isa = PBXGroup;
			children = (
			);
			path = Views;
			sourceTree = "<group>";
		};
		F3D4FD2623E5C723000CF606 /* Triggering Transitions */ = {
			isa = PBXGroup;
			children = (
				F3D4FD2723E5C751000CF606 /* TriggeringTransitionsExample.swift */,
			);
			path = "Triggering Transitions";
			sourceTree = "<group>";
		};
		F3D4FD2923E5CB5F000CF606 /* Improving List View Performance */ = {
			isa = PBXGroup;
			children = (
				F3D4FD2A23E5CB90000CF606 /* ListViewPerformanceExample.swift */,
			);
			path = "Improving List View Performance";
			sourceTree = "<group>";
		};
/* End PBXGroup section */

/* Begin PBXNativeTarget section */
		F30E102B23E59637000DA131 /* IdentifyingSwiftUIViews */ = {
			isa = PBXNativeTarget;
			buildConfigurationList = F30E104023E5963A000DA131 /* Build configuration list for PBXNativeTarget "IdentifyingSwiftUIViews" */;
			buildPhases = (
				F30E102823E59637000DA131 /* Sources */,
				F30E102923E59637000DA131 /* Frameworks */,
				F30E102A23E59637000DA131 /* Resources */,
			);
			buildRules = (
			);
			dependencies = (
			);
			name = IdentifyingSwiftUIViews;
			productName = IdentifyingSwiftUIViews;
			productReference = F30E102C23E59637000DA131 /* IdentifyingSwiftUIViews.app */;
			productType = "com.apple.product-type.application";
		};
/* End PBXNativeTarget section */

/* Begin PBXProject section */
		F30E102423E59637000DA131 /* Project object */ = {
			isa = PBXProject;
			attributes = {
				LastSwiftUpdateCheck = 1130;
				LastUpgradeCheck = 1130;
				ORGANIZATIONNAME = CypherPoet;
				TargetAttributes = {
					F30E102B23E59637000DA131 = {
						CreatedOnToolsVersion = 11.3.1;
					};
				};
			};
			buildConfigurationList = F30E102723E59637000DA131 /* Build configuration list for PBXProject "IdentifyingSwiftUIViews" */;
			compatibilityVersion = "Xcode 9.3";
			developmentRegion = en;
			hasScannedForEncodings = 0;
			knownRegions = (
				en,
				Base,
			);
			mainGroup = F30E102323E59637000DA131;
			productRefGroup = F30E102D23E59637000DA131 /* Products */;
			projectDirPath = "";
			projectRoot = "";
			targets = (
				F30E102B23E59637000DA131 /* IdentifyingSwiftUIViews */,
			);
		};
/* End PBXProject section */

/* Begin PBXResourcesBuildPhase section */
		F30E102A23E59637000DA131 /* Resources */ = {
			isa = PBXResourcesBuildPhase;
			buildActionMask = 2147483647;
			files = (
				F30E103C23E5963A000DA131 /* LaunchScreen.storyboard in Resources */,
				F30E103923E5963A000DA131 /* Preview Assets.xcassets in Resources */,
				F30E103623E5963A000DA131 /* Assets.xcassets in Resources */,
			);
			runOnlyForDeploymentPostprocessing = 0;
		};
/* End PBXResourcesBuildPhase section */

/* Begin PBXSourcesBuildPhase section */
		F30E102823E59637000DA131 /* Sources */ = {
			isa = PBXSourcesBuildPhase;
			buildActionMask = 2147483647;
			files = (
				F3D4FD2B23E5CB90000CF606 /* ListViewPerformanceExample.swift in Sources */,
				F30E105023E5BC56000DA131 /* UserFormView+ViewModel.swift in Sources */,
				F30E104E23E5BC45000DA131 /* UserFormView.swift in Sources */,
				F30E103023E59637000DA131 /* AppDelegate.swift in Sources */,
				F30E103223E59637000DA131 /* SceneDelegate.swift in Sources */,
				F30E104A23E5974C000DA131 /* ResettingStateValuesExample.swift in Sources */,
				F30E104823E59698000DA131 /* RootView.swift in Sources */,
				F3D4FD2823E5C751000CF606 /* TriggeringTransitionsExample.swift in Sources */,
			);
			runOnlyForDeploymentPostprocessing = 0;
		};
/* End PBXSourcesBuildPhase section */

/* Begin PBXVariantGroup section */
		F30E103A23E5963A000DA131 /* LaunchScreen.storyboard */ = {
			isa = PBXVariantGroup;
			children = (
				F30E103B23E5963A000DA131 /* Base */,
			);
			name = LaunchScreen.storyboard;
			sourceTree = "<group>";
		};
/* End PBXVariantGroup section */

/* Begin XCBuildConfiguration section */
		F30E103E23E5963A000DA131 /* Debug */ = {
			isa = XCBuildConfiguration;
			buildSettings = {
				ALWAYS_SEARCH_USER_PATHS = NO;
				CLANG_ANALYZER_NONNULL = YES;
				CLANG_ANALYZER_NUMBER_OBJECT_CONVERSION = YES_AGGRESSIVE;
				CLANG_CXX_LANGUAGE_STANDARD = "gnu++14";
				CLANG_CXX_LIBRARY = "libc++";
				CLANG_ENABLE_MODULES = YES;
				CLANG_ENABLE_OBJC_ARC = YES;
				CLANG_ENABLE_OBJC_WEAK = YES;
				CLANG_WARN_BLOCK_CAPTURE_AUTORELEASING = YES;
				CLANG_WARN_BOOL_CONVERSION = YES;
				CLANG_WARN_COMMA = YES;
				CLANG_WARN_CONSTANT_CONVERSION = YES;
				CLANG_WARN_DEPRECATED_OBJC_IMPLEMENTATIONS = YES;
				CLANG_WARN_DIRECT_OBJC_ISA_USAGE = YES_ERROR;
				CLANG_WARN_DOCUMENTATION_COMMENTS = YES;
				CLANG_WARN_EMPTY_BODY = YES;
				CLANG_WARN_ENUM_CONVERSION = YES;
				CLANG_WARN_INFINITE_RECURSION = YES;
				CLANG_WARN_INT_CONVERSION = YES;
				CLANG_WARN_NON_LITERAL_NULL_CONVERSION = YES;
				CLANG_WARN_OBJC_IMPLICIT_RETAIN_SELF = YES;
				CLANG_WARN_OBJC_LITERAL_CONVERSION = YES;
				CLANG_WARN_OBJC_ROOT_CLASS = YES_ERROR;
				CLANG_WARN_RANGE_LOOP_ANALYSIS = YES;
				CLANG_WARN_STRICT_PROTOTYPES = YES;
				CLANG_WARN_SUSPICIOUS_MOVE = YES;
				CLANG_WARN_UNGUARDED_AVAILABILITY = YES_AGGRESSIVE;
				CLANG_WARN_UNREACHABLE_CODE = YES;
				CLANG_WARN__DUPLICATE_METHOD_MATCH = YES;
				COPY_PHASE_STRIP = NO;
				DEBUG_INFORMATION_FORMAT = dwarf;
				ENABLE_STRICT_OBJC_MSGSEND = YES;
				ENABLE_TESTABILITY = YES;
				GCC_C_LANGUAGE_STANDARD = gnu11;
				GCC_DYNAMIC_NO_PIC = NO;
				GCC_NO_COMMON_BLOCKS = YES;
				GCC_OPTIMIZATION_LEVEL = 0;
				GCC_PREPROCESSOR_DEFINITIONS = (
					"DEBUG=1",
					"$(inherited)",
				);
				GCC_WARN_64_TO_32_BIT_CONVERSION = YES;
				GCC_WARN_ABOUT_RETURN_TYPE = YES_ERROR;
				GCC_WARN_UNDECLARED_SELECTOR = YES;
				GCC_WARN_UNINITIALIZED_AUTOS = YES_AGGRESSIVE;
				GCC_WARN_UNUSED_FUNCTION = YES;
				GCC_WARN_UNUSED_VARIABLE = YES;
				IPHONEOS_DEPLOYMENT_TARGET = 13.2;
				MTL_ENABLE_DEBUG_INFO = INCLUDE_SOURCE;
				MTL_FAST_MATH = YES;
				ONLY_ACTIVE_ARCH = YES;
				SDKROOT = iphoneos;
				SWIFT_ACTIVE_COMPILATION_CONDITIONS = DEBUG;
				SWIFT_OPTIMIZATION_LEVEL = "-Onone";
			};
			name = Debug;
		};
		F30E103F23E5963A000DA131 /* Release */ = {
			isa = XCBuildConfiguration;
			buildSettings = {
				ALWAYS_SEARCH_USER_PATHS = NO;
				CLANG_ANALYZER_NONNULL = YES;
				CLANG_ANALYZER_NUMBER_OBJECT_CONVERSION = YES_AGGRESSIVE;
				CLANG_CXX_LANGUAGE_STANDARD = "gnu++14";
				CLANG_CXX_LIBRARY = "libc++";
				CLANG_ENABLE_MODULES = YES;
				CLANG_ENABLE_OBJC_ARC = YES;
				CLANG_ENABLE_OBJC_WEAK = YES;
				CLANG_WARN_BLOCK_CAPTURE_AUTORELEASING = YES;
				CLANG_WARN_BOOL_CONVERSION = YES;
				CLANG_WARN_COMMA = YES;
				CLANG_WARN_CONSTANT_CONVERSION = YES;
				CLANG_WARN_DEPRECATED_OBJC_IMPLEMENTATIONS = YES;
				CLANG_WARN_DIRECT_OBJC_ISA_USAGE = YES_ERROR;
				CLANG_WARN_DOCUMENTATION_COMMENTS = YES;
				CLANG_WARN_EMPTY_BODY = YES;
				CLANG_WARN_ENUM_CONVERSION = YES;
				CLANG_WARN_INFINITE_RECURSION = YES;
				CLANG_WARN_INT_CONVERSION = YES;
				CLANG_WARN_NON_LITERAL_NULL_CONVERSION = YES;
				CLANG_WARN_OBJC_IMPLICIT_RETAIN_SELF = YES;
				CLANG_WARN_OBJC_LITERAL_CONVERSION = YES;
				CLANG_WARN_OBJC_ROOT_CLASS = YES_ERROR;
				CLANG_WARN_RANGE_LOOP_ANALYSIS = YES;
				CLANG_WARN_STRICT_PROTOTYPES = YES;
				CLANG_WARN_SUSPICIOUS_MOVE = YES;
				CLANG_WARN_UNGUARDED_AVAILABILITY = YES_AGGRESSIVE;
				CLANG_WARN_UNREACHABLE_CODE = YES;
				CLANG_WARN__DUPLICATE_METHOD_MATCH = YES;
				COPY_PHASE_STRIP = NO;
				DEBUG_INFORMATION_FORMAT = "dwarf-with-dsym";
				ENABLE_NS_ASSERTIONS = NO;
				ENABLE_STRICT_OBJC_MSGSEND = YES;
				GCC_C_LANGUAGE_STANDARD = gnu11;
				GCC_NO_COMMON_BLOCKS = YES;
				GCC_WARN_64_TO_32_BIT_CONVERSION = YES;
				GCC_WARN_ABOUT_RETURN_TYPE = YES_ERROR;
				GCC_WARN_UNDECLARED_SELECTOR = YES;
				GCC_WARN_UNINITIALIZED_AUTOS = YES_AGGRESSIVE;
				GCC_WARN_UNUSED_FUNCTION = YES;
				GCC_WARN_UNUSED_VARIABLE = YES;
				IPHONEOS_DEPLOYMENT_TARGET = 13.2;
				MTL_ENABLE_DEBUG_INFO = NO;
				MTL_FAST_MATH = YES;
				SDKROOT = iphoneos;
				SWIFT_COMPILATION_MODE = wholemodule;
				SWIFT_OPTIMIZATION_LEVEL = "-O";
				VALIDATE_PRODUCT = YES;
			};
			name = Release;
		};
		F30E104123E5963A000DA131 /* Debug */ = {
			isa = XCBuildConfiguration;
			buildSettings = {
				ASSETCATALOG_COMPILER_APPICON_NAME = AppIcon;
				CODE_SIGN_STYLE = Automatic;
				DEVELOPMENT_ASSET_PATHS = "\"IdentifyingSwiftUIViews/Preview Content\"";
				DEVELOPMENT_TEAM = QRXXH2RKAG;
				ENABLE_PREVIEWS = YES;
				INFOPLIST_FILE = IdentifyingSwiftUIViews/Info.plist;
				LD_RUNPATH_SEARCH_PATHS = (
					"$(inherited)",
					"@executable_path/Frameworks",
				);
				PRODUCT_BUNDLE_IDENTIFIER = io.github.cypherpoet.IdentifyingSwiftUIViews;
				PRODUCT_NAME = "$(TARGET_NAME)";
				SWIFT_VERSION = 5.0;
				TARGETED_DEVICE_FAMILY = "1,2";
			};
			name = Debug;
		};
		F30E104223E5963A000DA131 /* Release */ = {
			isa = XCBuildConfiguration;
			buildSettings = {
				ASSETCATALOG_COMPILER_APPICON_NAME = AppIcon;
				CODE_SIGN_STYLE = Automatic;
				DEVELOPMENT_ASSET_PATHS = "\"IdentifyingSwiftUIViews/Preview Content\"";
				DEVELOPMENT_TEAM = QRXXH2RKAG;
				ENABLE_PREVIEWS = YES;
				INFOPLIST_FILE = IdentifyingSwiftUIViews/Info.plist;
				LD_RUNPATH_SEARCH_PATHS = (
					"$(inherited)",
					"@executable_path/Frameworks",
				);
				PRODUCT_BUNDLE_IDENTIFIER = io.github.cypherpoet.IdentifyingSwiftUIViews;
				PRODUCT_NAME = "$(TARGET_NAME)";
				SWIFT_VERSION = 5.0;
				TARGETED_DEVICE_FAMILY = "1,2";
			};
			name = Release;
		};
/* End XCBuildConfiguration section */

/* Begin XCConfigurationList section */
		F30E102723E59637000DA131 /* Build configuration list for PBXProject "IdentifyingSwiftUIViews" */ = {
			isa = XCConfigurationList;
			buildConfigurations = (
				F30E103E23E5963A000DA131 /* Debug */,
				F30E103F23E5963A000DA131 /* Release */,
			);
			defaultConfigurationIsVisible = 0;
			defaultConfigurationName = Release;
		};
		F30E104023E5963A000DA131 /* Build configuration list for PBXNativeTarget "IdentifyingSwiftUIViews" */ = {
			isa = XCConfigurationList;
			buildConfigurations = (
				F30E104123E5963A000DA131 /* Debug */,
				F30E104223E5963A000DA131 /* Release */,
			);
			defaultConfigurationIsVisible = 0;
			defaultConfigurationName = Release;
		};
/* End XCConfigurationList section */
	};
	rootObject = F30E102423E59637000DA131 /* Project object */;
}
