{
  "object": {
    "pins": [
      {
        "package": "CypherPoetSwiftUIKit",
        "repositoryURL": "https://github.com/CypherPoet/CypherPoetSwiftUIKit.git",
        "state": {
          "branch": null,
          "revision": "1223b3a674bc2089c189028d450ee5a2c1ac4635",
          "version": "0.0.9"
        }
      }
    ]
  },
  "version": 1
}
