{
  "object": {
    "pins": [
      {
        "package": "CypherPoetSwiftUIKit",
        "repositoryURL": "https://github.com/CypherPoet/CypherPoetSwiftUIKit.git",
        "state": {
          "branch": null,
          "revision": "5a8c0e3d761d7844a8ce018a35a7a32c9093191b",
          "version": "0.0.6"
        }
      }
    ]
  },
  "version": 1
}
