// !$*UTF8*$!
{
	archiveVersion = 1;
	classes = {
	};
	objectVersion = 50;
	objects = {

/* Begin PBXBuildFile section */
		F366C30E23421DC4009770A5 /* AppDelegate.swift in Sources */ = {isa = PBXBuildFile; fileRef = F366C30D23421DC4009770A5 /* AppDelegate.swift */; };
		F366C31023421DC4009770A5 /* SceneDelegate.swift in Sources */ = {isa = PBXBuildFile; fileRef = F366C30F23421DC4009770A5 /* SceneDelegate.swift */; };
		F366C31223421DC4009770A5 /* ContentView.swift in Sources */ = {isa = PBXBuildFile; fileRef = F366C31123421DC4009770A5 /* ContentView.swift */; };
		F366C31423421DC7009770A5 /* Assets.xcassets in Resources */ = {isa = PBXBuildFile; fileRef = F366C31323421DC7009770A5 /* Assets.xcassets */; };
		F366C31723421DC7009770A5 /* Preview Assets.xcassets in Resources */ = {isa = PBXBuildFile; fileRef = F366C31623421DC7009770A5 /* Preview Assets.xcassets */; };
		F366C31A23421DC7009770A5 /* LaunchScreen.storyboard in Resources */ = {isa = PBXBuildFile; fileRef = F366C31823421DC7009770A5 /* LaunchScreen.storyboard */; };
		F366C32523422175009770A5 /* RoundedCorners.swift in Sources */ = {isa = PBXBuildFile; fileRef = F366C32423422175009770A5 /* RoundedCorners.swift */; };
/* End PBXBuildFile section */

/* Begin PBXFileReference section */
		F366C30A23421DC4009770A5 /* GeometryReaderToTheRescue.app */ = {isa = PBXFileReference; explicitFileType = wrapper.application; includeInIndex = 0; path = GeometryReaderToTheRescue.app; sourceTree = BUILT_PRODUCTS_DIR; };
		F366C30D23421DC4009770A5 /* AppDelegate.swift */ = {isa = PBXFileReference; lastKnownFileType = sourcecode.swift; path = AppDelegate.swift; sourceTree = "<group>"; };
		F366C30F23421DC4009770A5 /* SceneDelegate.swift */ = {isa = PBXFileReference; lastKnownFileType = sourcecode.swift; path = SceneDelegate.swift; sourceTree = "<group>"; };
		F366C31123421DC4009770A5 /* ContentView.swift */ = {isa = PBXFileReference; lastKnownFileType = sourcecode.swift; path = ContentView.swift; sourceTree = "<group>"; };
		F366C31323421DC7009770A5 /* Assets.xcassets */ = {isa = PBXFileReference; lastKnownFileType = folder.assetcatalog; path = Assets.xcassets; sourceTree = "<group>"; };
		F366C31623421DC7009770A5 /* Preview Assets.xcassets */ = {isa = PBXFileReference; lastKnownFileType = folder.assetcatalog; path = "Preview Assets.xcassets"; sourceTree = "<group>"; };
		F366C31923421DC7009770A5 /* Base */ = {isa = PBXFileReference; lastKnownFileType = file.storyboard; name = Base; path = Base.lproj/LaunchScreen.storyboard; sourceTree = "<group>"; };
		F366C31B23421DC7009770A5 /* Info.plist */ = {isa = PBXFileReference; lastKnownFileType = text.plist.xml; path = Info.plist; sourceTree = "<group>"; };
		F366C32423422175009770A5 /* RoundedCorners.swift */ = {isa = PBXFileReference; lastKnownFileType = sourcecode.swift; path = RoundedCorners.swift; sourceTree = "<group>"; };
/* End PBXFileReference section */

/* Begin PBXFrameworksBuildPhase section */
		F366C30723421DC4009770A5 /* Frameworks */ = {
			isa = PBXFrameworksBuildPhase;
			buildActionMask = 2147483647;
			files = (
			);
			runOnlyForDeploymentPostprocessing = 0;
		};
/* End PBXFrameworksBuildPhase section */

/* Begin PBXGroup section */
		F366C30123421DC4009770A5 = {
			isa = PBXGroup;
			children = (
				F366C30C23421DC4009770A5 /* GeometryReaderToTheRescue */,
				F366C30B23421DC4009770A5 /* Products */,
			);
			sourceTree = "<group>";
		};
		F366C30B23421DC4009770A5 /* Products */ = {
			isa = PBXGroup;
			children = (
				F366C30A23421DC4009770A5 /* GeometryReaderToTheRescue.app */,
			);
			name = Products;
			sourceTree = "<group>";
		};
		F366C30C23421DC4009770A5 /* GeometryReaderToTheRescue */ = {
			isa = PBXGroup;
			children = (
				F366C3222342215B009770A5 /* Resusables */,
				F366C31B23421DC7009770A5 /* Info.plist */,
				F366C30D23421DC4009770A5 /* AppDelegate.swift */,
				F366C30F23421DC4009770A5 /* SceneDelegate.swift */,
				F366C31323421DC7009770A5 /* Assets.xcassets */,
				F366C31823421DC7009770A5 /* LaunchScreen.storyboard */,
				F366C31523421DC7009770A5 /* Preview Content */,
				F366C32123421E4D009770A5 /* Scenes */,
			);
			path = GeometryReaderToTheRescue;
			sourceTree = "<group>";
		};
		F366C31523421DC7009770A5 /* Preview Content */ = {
			isa = PBXGroup;
			children = (
				F366C31623421DC7009770A5 /* Preview Assets.xcassets */,
			);
			path = "Preview Content";
			sourceTree = "<group>";
		};
		F366C32123421E4D009770A5 /* Scenes */ = {
			isa = PBXGroup;
			children = (
				F366C31123421DC4009770A5 /* ContentView.swift */,
			);
			path = Scenes;
			sourceTree = "<group>";
		};
		F366C3222342215B009770A5 /* Resusables */ = {
			isa = PBXGroup;
			children = (
				F366C3232342216A009770A5 /* Views */,
			);
			path = Resusables;
			sourceTree = "<group>";
		};
		F366C3232342216A009770A5 /* Views */ = {
			isa = PBXGroup;
			children = (
				F366C32423422175009770A5 /* RoundedCorners.swift */,
			);
			path = Views;
			sourceTree = "<group>";
		};
/* End PBXGroup section */

/* Begin PBXNativeTarget section */
		F366C30923421DC4009770A5 /* GeometryReaderToTheRescue */ = {
			isa = PBXNativeTarget;
			buildConfigurationList = F366C31E23421DC7009770A5 /* Build configuration list for PBXNativeTarget "GeometryReaderToTheRescue" */;
			buildPhases = (
				F366C30623421DC4009770A5 /* Sources */,
				F366C30723421DC4009770A5 /* Frameworks */,
				F366C30823421DC4009770A5 /* Resources */,
			);
			buildRules = (
			);
			dependencies = (
			);
			name = GeometryReaderToTheRescue;
			productName = GeometryReaderToTheRescue;
			productReference = F366C30A23421DC4009770A5 /* GeometryReaderToTheRescue.app */;
			productType = "com.apple.product-type.application";
		};
/* End PBXNativeTarget section */

/* Begin PBXProject section */
		F366C30223421DC4009770A5 /* Project object */ = {
			isa = PBXProject;
			attributes = {
				LastSwiftUpdateCheck = 1110;
				LastUpgradeCheck = 1110;
				ORGANIZATIONNAME = CypherPoet;
				TargetAttributes = {
					F366C30923421DC4009770A5 = {
						CreatedOnToolsVersion = 11.1;
					};
				};
			};
			buildConfigurationList = F366C30523421DC4009770A5 /* Build configuration list for PBXProject "GeometryReaderToTheRescue" */;
			compatibilityVersion = "Xcode 9.3";
			developmentRegion = en;
			hasScannedForEncodings = 0;
			knownRegions = (
				en,
				Base,
			);
			mainGroup = F366C30123421DC4009770A5;
			productRefGroup = F366C30B23421DC4009770A5 /* Products */;
			projectDirPath = "";
			projectRoot = "";
			targets = (
				F366C30923421DC4009770A5 /* GeometryReaderToTheRescue */,
			);
		};
/* End PBXProject section */

/* Begin PBXResourcesBuildPhase section */
		F366C30823421DC4009770A5 /* Resources */ = {
			isa = PBXResourcesBuildPhase;
			buildActionMask = 2147483647;
			files = (
				F366C31A23421DC7009770A5 /* LaunchScreen.storyboard in Resources */,
				F366C31723421DC7009770A5 /* Preview Assets.xcassets in Resources */,
				F366C31423421DC7009770A5 /* Assets.xcassets in Resources */,
			);
			runOnlyForDeploymentPostprocessing = 0;
		};
/* End PBXResourcesBuildPhase section */

/* Begin PBXSourcesBuildPhase section */
		F366C30623421DC4009770A5 /* Sources */ = {
			isa = PBXSourcesBuildPhase;
			buildActionMask = 2147483647;
			files = (
				F366C32523422175009770A5 /* RoundedCorners.swift in Sources */,
				F366C30E23421DC4009770A5 /* AppDelegate.swift in Sources */,
				F366C31023421DC4009770A5 /* SceneDelegate.swift in Sources */,
				F366C31223421DC4009770A5 /* ContentView.swift in Sources */,
			);
			runOnlyForDeploymentPostprocessing = 0;
		};
/* End PBXSourcesBuildPhase section */

/* Begin PBXVariantGroup section */
		F366C31823421DC7009770A5 /* LaunchScreen.storyboard */ = {
			isa = PBXVariantGroup;
			children = (
				F366C31923421DC7009770A5 /* Base */,
			);
			name = LaunchScreen.storyboard;
			sourceTree = "<group>";
		};
/* End PBXVariantGroup section */

/* Begin XCBuildConfiguration section */
		F366C31C23421DC7009770A5 /* Debug */ = {
			isa = XCBuildConfiguration;
			buildSettings = {
				ALWAYS_SEARCH_USER_PATHS = NO;
				CLANG_ANALYZER_NONNULL = YES;
				CLANG_ANALYZER_NUMBER_OBJECT_CONVERSION = YES_AGGRESSIVE;
				CLANG_CXX_LANGUAGE_STANDARD = "gnu++14";
				CLANG_CXX_LIBRARY = "libc++";
				CLANG_ENABLE_MODULES = YES;
				CLANG_ENABLE_OBJC_ARC = YES;
				CLANG_ENABLE_OBJC_WEAK = YES;
				CLANG_WARN_BLOCK_CAPTURE_AUTORELEASING = YES;
				CLANG_WARN_BOOL_CONVERSION = YES;
				CLANG_WARN_COMMA = YES;
				CLANG_WARN_CONSTANT_CONVERSION = YES;
				CLANG_WARN_DEPRECATED_OBJC_IMPLEMENTATIONS = YES;
				CLANG_WARN_DIRECT_OBJC_ISA_USAGE = YES_ERROR;
				CLANG_WARN_DOCUMENTATION_COMMENTS = YES;
				CLANG_WARN_EMPTY_BODY = YES;
				CLANG_WARN_ENUM_CONVERSION = YES;
				CLANG_WARN_INFINITE_RECURSION = YES;
				CLANG_WARN_INT_CONVERSION = YES;
				CLANG_WARN_NON_LITERAL_NULL_CONVERSION = YES;
				CLANG_WARN_OBJC_IMPLICIT_RETAIN_SELF = YES;
				CLANG_WARN_OBJC_LITERAL_CONVERSION = YES;
				CLANG_WARN_OBJC_ROOT_CLASS = YES_ERROR;
				CLANG_WARN_RANGE_LOOP_ANALYSIS = YES;
				CLANG_WARN_STRICT_PROTOTYPES = YES;
				CLANG_WARN_SUSPICIOUS_MOVE = YES;
				CLANG_WARN_UNGUARDED_AVAILABILITY = YES_AGGRESSIVE;
				CLANG_WARN_UNREACHABLE_CODE = YES;
				CLANG_WARN__DUPLICATE_METHOD_MATCH = YES;
				COPY_PHASE_STRIP = NO;
				DEBUG_INFORMATION_FORMAT = dwarf;
				ENABLE_STRICT_OBJC_MSGSEND = YES;
				ENABLE_TESTABILITY = YES;
				GCC_C_LANGUAGE_STANDARD = gnu11;
				GCC_DYNAMIC_NO_PIC = NO;
				GCC_NO_COMMON_BLOCKS = YES;
				GCC_OPTIMIZATION_LEVEL = 0;
				GCC_PREPROCESSOR_DEFINITIONS = (
					"DEBUG=1",
					"$(inherited)",
				);
				GCC_WARN_64_TO_32_BIT_CONVERSION = YES;
				GCC_WARN_ABOUT_RETURN_TYPE = YES_ERROR;
				GCC_WARN_UNDECLARED_SELECTOR = YES;
				GCC_WARN_UNINITIALIZED_AUTOS = YES_AGGRESSIVE;
				GCC_WARN_UNUSED_FUNCTION = YES;
				GCC_WARN_UNUSED_VARIABLE = YES;
				IPHONEOS_DEPLOYMENT_TARGET = 13.1;
				MTL_ENABLE_DEBUG_INFO = INCLUDE_SOURCE;
				MTL_FAST_MATH = YES;
				ONLY_ACTIVE_ARCH = YES;
				SDKROOT = iphoneos;
				SWIFT_ACTIVE_COMPILATION_CONDITIONS = DEBUG;
				SWIFT_OPTIMIZATION_LEVEL = "-Onone";
			};
			name = Debug;
		};
		F366C31D23421DC7009770A5 /* Release */ = {
			isa = XCBuildConfiguration;
			buildSettings = {
				ALWAYS_SEARCH_USER_PATHS = NO;
				CLANG_ANALYZER_NONNULL = YES;
				CLANG_ANALYZER_NUMBER_OBJECT_CONVERSION = YES_AGGRESSIVE;
				CLANG_CXX_LANGUAGE_STANDARD = "gnu++14";
				CLANG_CXX_LIBRARY = "libc++";
				CLANG_ENABLE_MODULES = YES;
				CLANG_ENABLE_OBJC_ARC = YES;
				CLANG_ENABLE_OBJC_WEAK = YES;
				CLANG_WARN_BLOCK_CAPTURE_AUTORELEASING = YES;
				CLANG_WARN_BOOL_CONVERSION = YES;
				CLANG_WARN_COMMA = YES;
				CLANG_WARN_CONSTANT_CONVERSION = YES;
				CLANG_WARN_DEPRECATED_OBJC_IMPLEMENTATIONS = YES;
				CLANG_WARN_DIRECT_OBJC_ISA_USAGE = YES_ERROR;
				CLANG_WARN_DOCUMENTATION_COMMENTS = YES;
				CLANG_WARN_EMPTY_BODY = YES;
				CLANG_WARN_ENUM_CONVERSION = YES;
				CLANG_WARN_INFINITE_RECURSION = YES;
				CLANG_WARN_INT_CONVERSION = YES;
				CLANG_WARN_NON_LITERAL_NULL_CONVERSION = YES;
				CLANG_WARN_OBJC_IMPLICIT_RETAIN_SELF = YES;
				CLANG_WARN_OBJC_LITERAL_CONVERSION = YES;
				CLANG_WARN_OBJC_ROOT_CLASS = YES_ERROR;
				CLANG_WARN_RANGE_LOOP_ANALYSIS = YES;
				CLANG_WARN_STRICT_PROTOTYPES = YES;
				CLANG_WARN_SUSPICIOUS_MOVE = YES;
				CLANG_WARN_UNGUARDED_AVAILABILITY = YES_AGGRESSIVE;
				CLANG_WARN_UNREACHABLE_CODE = YES;
				CLANG_WARN__DUPLICATE_METHOD_MATCH = YES;
				COPY_PHASE_STRIP = NO;
				DEBUG_INFORMATION_FORMAT = "dwarf-with-dsym";
				ENABLE_NS_ASSERTIONS = NO;
				ENABLE_STRICT_OBJC_MSGSEND = YES;
				GCC_C_LANGUAGE_STANDARD = gnu11;
				GCC_NO_COMMON_BLOCKS = YES;
				GCC_WARN_64_TO_32_BIT_CONVERSION = YES;
				GCC_WARN_ABOUT_RETURN_TYPE = YES_ERROR;
				GCC_WARN_UNDECLARED_SELECTOR = YES;
				GCC_WARN_UNINITIALIZED_AUTOS = YES_AGGRESSIVE;
				GCC_WARN_UNUSED_FUNCTION = YES;
				GCC_WARN_UNUSED_VARIABLE = YES;
				IPHONEOS_DEPLOYMENT_TARGET = 13.1;
				MTL_ENABLE_DEBUG_INFO = NO;
				MTL_FAST_MATH = YES;
				SDKROOT = iphoneos;
				SWIFT_COMPILATION_MODE = wholemodule;
				SWIFT_OPTIMIZATION_LEVEL = "-O";
				VALIDATE_PRODUCT = YES;
			};
			name = Release;
		};
		F366C31F23421DC7009770A5 /* Debug */ = {
			isa = XCBuildConfiguration;
			buildSettings = {
				ASSETCATALOG_COMPILER_APPICON_NAME = AppIcon;
				CODE_SIGN_STYLE = Automatic;
				DEVELOPMENT_ASSET_PATHS = "\"GeometryReaderToTheRescue/Preview Content\"";
				DEVELOPMENT_TEAM = QRXXH2RKAG;
				ENABLE_PREVIEWS = YES;
				INFOPLIST_FILE = GeometryReaderToTheRescue/Info.plist;
				LD_RUNPATH_SEARCH_PATHS = (
					"$(inherited)",
					"@executable_path/Frameworks",
				);
				PRODUCT_BUNDLE_IDENTIFIER = io.github.cypherpoet.GeometryReaderToTheRescue;
				PRODUCT_NAME = "$(TARGET_NAME)";
				SWIFT_VERSION = 5.0;
				TARGETED_DEVICE_FAMILY = "1,2";
			};
			name = Debug;
		};
		F366C32023421DC7009770A5 /* Release */ = {
			isa = XCBuildConfiguration;
			buildSettings = {
				ASSETCATALOG_COMPILER_APPICON_NAME = AppIcon;
				CODE_SIGN_STYLE = Automatic;
				DEVELOPMENT_ASSET_PATHS = "\"GeometryReaderToTheRescue/Preview Content\"";
				DEVELOPMENT_TEAM = QRXXH2RKAG;
				ENABLE_PREVIEWS = YES;
				INFOPLIST_FILE = GeometryReaderToTheRescue/Info.plist;
				LD_RUNPATH_SEARCH_PATHS = (
					"$(inherited)",
					"@executable_path/Frameworks",
				);
				PRODUCT_BUNDLE_IDENTIFIER = io.github.cypherpoet.GeometryReaderToTheRescue;
				PRODUCT_NAME = "$(TARGET_NAME)";
				SWIFT_VERSION = 5.0;
				TARGETED_DEVICE_FAMILY = "1,2";
			};
			name = Release;
		};
/* End XCBuildConfiguration section */

/* Begin XCConfigurationList section */
		F366C30523421DC4009770A5 /* Build configuration list for PBXProject "GeometryReaderToTheRescue" */ = {
			isa = XCConfigurationList;
			buildConfigurations = (
				F366C31C23421DC7009770A5 /* Debug */,
				F366C31D23421DC7009770A5 /* Release */,
			);
			defaultConfigurationIsVisible = 0;
			defaultConfigurationName = Release;
		};
		F366C31E23421DC7009770A5 /* Build configuration list for PBXNativeTarget "GeometryReaderToTheRescue" */ = {
			isa = XCConfigurationList;
			buildConfigurations = (
				F366C31F23421DC7009770A5 /* Debug */,
				F366C32023421DC7009770A5 /* Release */,
			);
			defaultConfigurationIsVisible = 0;
			defaultConfigurationName = Release;
		};
/* End XCConfigurationList section */
	};
	rootObject = F366C30223421DC4009770A5 /* Project object */;
}
